// !$*UTF8*$!
{
	archiveVersion = 1;
	classes = {
	};
	objectVersion = 50;
	objects = {

/* Begin PBXBuildFile section */
		990F436E214252C600E65FC1 /* AppDelegate.swift in Sources */ = {isa = PBXBuildFile; fileRef = 990F436D214252C600E65FC1 /* AppDelegate.swift */; };
		990F4370214252C600E65FC1 /* ViewController.swift in Sources */ = {isa = PBXBuildFile; fileRef = 990F436F214252C600E65FC1 /* ViewController.swift */; };
		990F4373214252C600E65FC1 /* Main.storyboard in Resources */ = {isa = PBXBuildFile; fileRef = 990F4371214252C600E65FC1 /* Main.storyboard */; };
		990F4378214252C700E65FC1 /* Assets.xcassets in Resources */ = {isa = PBXBuildFile; fileRef = 990F4377214252C700E65FC1 /* Assets.xcassets */; };
		990F437B214252C700E65FC1 /* LaunchScreen.storyboard in Resources */ = {isa = PBXBuildFile; fileRef = 990F4379214252C700E65FC1 /* LaunchScreen.storyboard */; };
		990F4386214252C700E65FC1 /* CarSwaddleTests.swift in Sources */ = {isa = PBXBuildFile; fileRef = 990F4385214252C700E65FC1 /* CarSwaddleTests.swift */; };
		99116905215B76B6001E039E /* AddVehicleCell.swift in Sources */ = {isa = PBXBuildFile; fileRef = 99116903215B76B6001E039E /* AddVehicleCell.swift */; };
		99116906215B76B6001E039E /* AddVehicleCell.xib in Resources */ = {isa = PBXBuildFile; fileRef = 99116904215B76B6001E039E /* AddVehicleCell.xib */; };
		991C9FC52213E3E2004B9C15 /* VerifyPhoneNumberViewController.swift in Sources */ = {isa = PBXBuildFile; fileRef = 991C9FC42213E3E2004B9C15 /* VerifyPhoneNumberViewController.swift */; };
		991C9FC72215485D004B9C15 /* PhoneNumberViewController.swift in Sources */ = {isa = PBXBuildFile; fileRef = 991C9FC62215485D004B9C15 /* PhoneNumberViewController.swift */; };
		991C9FC92215486A004B9C15 /* PhoneNumberViewController.storyboard in Resources */ = {isa = PBXBuildFile; fileRef = 991C9FC82215486A004B9C15 /* PhoneNumberViewController.storyboard */; };
		992BFDCF22056B10006B64CC /* TweakValues.swift in Sources */ = {isa = PBXBuildFile; fileRef = 992BFDCE22056B10006B64CC /* TweakValues.swift */; };
		992BFDD122056B8B006B64CC /* Logout.swift in Sources */ = {isa = PBXBuildFile; fileRef = 992BFDD022056B8B006B64CC /* Logout.swift */; };
		993BA12621585ACA00DB95EF /* LocationManager.swift in Sources */ = {isa = PBXBuildFile; fileRef = 993BA12521585ACA00DB95EF /* LocationManager.swift */; };
		99425447215762750075EDCA /* CreateServiceVehicleCell.swift in Sources */ = {isa = PBXBuildFile; fileRef = 99425446215762750075EDCA /* CreateServiceVehicleCell.swift */; };
		9942544A215762A10075EDCA /* CreateServiceMechanicCell.swift in Sources */ = {isa = PBXBuildFile; fileRef = 99425449215762A10075EDCA /* CreateServiceMechanicCell.swift */; };
		9942544D215762C50075EDCA /* CreateServicePriceCell.swift in Sources */ = {isa = PBXBuildFile; fileRef = 9942544C215762C50075EDCA /* CreateServicePriceCell.swift */; };
		994254522157691A0075EDCA /* CreateServiceCell.swift in Sources */ = {isa = PBXBuildFile; fileRef = 994254512157691A0075EDCA /* CreateServiceCell.swift */; };
		99425466215778DD0075EDCA /* Defaults.swift in Sources */ = {isa = PBXBuildFile; fileRef = 99425465215778DD0075EDCA /* Defaults.swift */; };
		9942546B21577B6C0075EDCA /* SelectMechanicViewController.swift in Sources */ = {isa = PBXBuildFile; fileRef = 9942546A21577B6C0075EDCA /* SelectMechanicViewController.swift */; };
		9942546D21577B6E0075EDCA /* SelectVehicleViewController.swift in Sources */ = {isa = PBXBuildFile; fileRef = 9942546C21577B6E0075EDCA /* SelectVehicleViewController.swift */; };
		9942547121577B730075EDCA /* SelectLocationViewController.swift in Sources */ = {isa = PBXBuildFile; fileRef = 9942547021577B730075EDCA /* SelectLocationViewController.swift */; };
		99425475215781F80075EDCA /* SelectLocationViewController.storyboard in Resources */ = {isa = PBXBuildFile; fileRef = 99425474215781F80075EDCA /* SelectLocationViewController.storyboard */; };
		994254792157F7980075EDCA /* CreateServiceMechanicCell.xib in Resources */ = {isa = PBXBuildFile; fileRef = 99425448215762A10075EDCA /* CreateServiceMechanicCell.xib */; };
		9942547A2157F7AF0075EDCA /* CreateServiceVehicleCell.xib in Resources */ = {isa = PBXBuildFile; fileRef = 9942543E215762750075EDCA /* CreateServiceVehicleCell.xib */; };
		9942547B2157F7B30075EDCA /* CreateServicePriceCell.xib in Resources */ = {isa = PBXBuildFile; fileRef = 9942544B215762C50075EDCA /* CreateServicePriceCell.xib */; };
		9942547D2157F8290075EDCA /* SelectMechanicViewController.storyboard in Resources */ = {isa = PBXBuildFile; fileRef = 99425476215782060075EDCA /* SelectMechanicViewController.storyboard */; };
		9942547E2157F8300075EDCA /* SelectVehicleViewController.storyboard in Resources */ = {isa = PBXBuildFile; fileRef = 99425477215782080075EDCA /* SelectVehicleViewController.storyboard */; };
		9943BCE521EF226400D553F6 /* MechanicImageView.swift in Sources */ = {isa = PBXBuildFile; fileRef = 9943BCE421EF226400D553F6 /* MechanicImageView.swift */; };
		9943C173215B6C69003C2BE9 /* VehicleCell.swift in Sources */ = {isa = PBXBuildFile; fileRef = 9943C171215B6C69003C2BE9 /* VehicleCell.swift */; };
		9943C174215B6C69003C2BE9 /* VehicleCell.xib in Resources */ = {isa = PBXBuildFile; fileRef = 9943C172215B6C69003C2BE9 /* VehicleCell.xib */; };
		994CA9F7215206CD00D41F6C /* LoginViewController.swift in Sources */ = {isa = PBXBuildFile; fileRef = 994CA9F6215206CD00D41F6C /* LoginViewController.swift */; };
		994CA9F9215206E600D41F6C /* LoginViewController.storyboard in Resources */ = {isa = PBXBuildFile; fileRef = 994CA9F8215206E600D41F6C /* LoginViewController.storyboard */; };
		994CA9FC215208BD00D41F6C /* SignUpViewController.swift in Sources */ = {isa = PBXBuildFile; fileRef = 994CA9FB215208BD00D41F6C /* SignUpViewController.swift */; };
		9955BC1A2154E8DC008DAF8E /* UsersViewController.swift in Sources */ = {isa = PBXBuildFile; fileRef = 9955BC192154E8DC008DAF8E /* UsersViewController.swift */; };
		9955BC2421555D62008DAF8E /* Navigator.swift in Sources */ = {isa = PBXBuildFile; fileRef = 9955BC2321555D62008DAF8E /* Navigator.swift */; };
		9955BC29215563F8008DAF8E /* UIFontExtension.swift in Sources */ = {isa = PBXBuildFile; fileRef = 9955BC28215563F8008DAF8E /* UIFontExtension.swift */; };
		9955BC2B2155650C008DAF8E /* ProfileViewController.swift in Sources */ = {isa = PBXBuildFile; fileRef = 9955BC2A2155650C008DAF8E /* ProfileViewController.swift */; };
		9955BC2D21556527008DAF8E /* ProfileViewController.storyboard in Resources */ = {isa = PBXBuildFile; fileRef = 9955BC2C21556527008DAF8E /* ProfileViewController.storyboard */; };
		9955BC2F21556554008DAF8E /* ServicesViewController.swift in Sources */ = {isa = PBXBuildFile; fileRef = 9955BC2E21556554008DAF8E /* ServicesViewController.swift */; };
		9955BC3121556566008DAF8E /* ServicesViewController.storyboard in Resources */ = {isa = PBXBuildFile; fileRef = 9955BC3021556566008DAF8E /* ServicesViewController.storyboard */; };
		9955BC3521557305008DAF8E /* CreateServiceViewController.swift in Sources */ = {isa = PBXBuildFile; fileRef = 9955BC3421557305008DAF8E /* CreateServiceViewController.swift */; };
		9955BC3721557311008DAF8E /* CreateServiceViewController.storyboard in Resources */ = {isa = PBXBuildFile; fileRef = 9955BC3621557311008DAF8E /* CreateServiceViewController.storyboard */; };
		9955BC3E215588DB008DAF8E /* CreateServiceLocationCell.swift in Sources */ = {isa = PBXBuildFile; fileRef = 9955BC3C215588DB008DAF8E /* CreateServiceLocationCell.swift */; };
		9955BC3F215588DB008DAF8E /* CreateServiceLocationCell.xib in Resources */ = {isa = PBXBuildFile; fileRef = 9955BC3D215588DB008DAF8E /* CreateServiceLocationCell.xib */; };
		995B9F242154B4380030A7CA /* GlobalImports.swift in Sources */ = {isa = PBXBuildFile; fileRef = 995B9F232154B4380030A7CA /* GlobalImports.swift */; };
		997714C321CCE2C700E54F5B /* PricePartView.swift in Sources */ = {isa = PBXBuildFile; fileRef = 997714C221CCE2C700E54F5B /* PricePartView.swift */; };
		997714C521CCE35800E54F5B /* PricePartView.xib in Resources */ = {isa = PBXBuildFile; fileRef = 997714C421CCE35800E54F5B /* PricePartView.xib */; };
		997714C721CCF5BC00E54F5B /* Stripe.swift in Sources */ = {isa = PBXBuildFile; fileRef = 997714C621CCF5BC00E54F5B /* Stripe.swift */; };
		997DBC42218EBD210080F42C /* MechanicSelectCell.swift in Sources */ = {isa = PBXBuildFile; fileRef = 997DBC40218EBD210080F42C /* MechanicSelectCell.swift */; };
		997DBC43218EBD210080F42C /* MechanicSelectCell.xib in Resources */ = {isa = PBXBuildFile; fileRef = 997DBC41218EBD210080F42C /* MechanicSelectCell.xib */; };
		997DBC512197575A0080F42C /* UserNameViewController.swift in Sources */ = {isa = PBXBuildFile; fileRef = 997DBC502197575A0080F42C /* UserNameViewController.swift */; };
		997DBC562197580B0080F42C /* UserNameViewController.storyboard in Resources */ = {isa = PBXBuildFile; fileRef = 997DBC552197580B0080F42C /* UserNameViewController.storyboard */; };
		997DBC622198FBC90080F42C /* lehi.gpx in Resources */ = {isa = PBXBuildFile; fileRef = 997DBC612198FBC90080F42C /* lehi.gpx */; };
		997DBC6621995B320080F42C /* MechanicViewController.swift in Sources */ = {isa = PBXBuildFile; fileRef = 997DBC6521995B320080F42C /* MechanicViewController.swift */; };
		997DBC6821995B3E0080F42C /* MechanicViewController.storyboard in Resources */ = {isa = PBXBuildFile; fileRef = 997DBC6721995B3E0080F42C /* MechanicViewController.storyboard */; };
		997DBC6A21995ECE0080F42C /* MechanicDayAvailabilityView.swift in Sources */ = {isa = PBXBuildFile; fileRef = 997DBC6921995ECE0080F42C /* MechanicDayAvailabilityView.swift */; };
		997DBC6C21995EDA0080F42C /* MechanicDayAvailabilityView.xib in Resources */ = {isa = PBXBuildFile; fileRef = 997DBC6B21995EDA0080F42C /* MechanicDayAvailabilityView.xib */; };
		997DBC71219965DB0080F42C /* HourCollectionViewCell.xib in Resources */ = {isa = PBXBuildFile; fileRef = 997DBC6D2199657E0080F42C /* HourCollectionViewCell.xib */; };
		997DBC72219965E80080F42C /* HourCollectionViewCell.swift in Sources */ = {isa = PBXBuildFile; fileRef = 997DBC6E2199657F0080F42C /* HourCollectionViewCell.swift */; };
		997DBC7421997E020080F42C /* TimeIntervalExtension.swift in Sources */ = {isa = PBXBuildFile; fileRef = 997DBC7321997E020080F42C /* TimeIntervalExtension.swift */; };
		997DBC7621997E370080F42C /* DateExtension.swift in Sources */ = {isa = PBXBuildFile; fileRef = 997DBC7521997E370080F42C /* DateExtension.swift */; };
		997DBCA121B79E620080F42C /* AutoServiceCell.swift in Sources */ = {isa = PBXBuildFile; fileRef = 997DBC9F21B79E620080F42C /* AutoServiceCell.swift */; };
		997DBCA221B79E620080F42C /* AutoServiceCell.xib in Resources */ = {isa = PBXBuildFile; fileRef = 997DBCA021B79E620080F42C /* AutoServiceCell.xib */; };
		997DBCA821BA605A0080F42C /* PushNotificationController.swift in Sources */ = {isa = PBXBuildFile; fileRef = 997DBCA721BA605A0080F42C /* PushNotificationController.swift */; };
		998D3AE721DDCC49003DD717 /* AutoServiceDetailsViewController.swift in Sources */ = {isa = PBXBuildFile; fileRef = 998D3AE621DDCC48003DD717 /* AutoServiceDetailsViewController.swift */; };
		998D3AE921DDCC52003DD717 /* AutoServiceDetailsViewController.storyboard in Resources */ = {isa = PBXBuildFile; fileRef = 998D3AE821DDCC52003DD717 /* AutoServiceDetailsViewController.storyboard */; };
		998D3AEC21DDCF5C003DD717 /* ReviewCell.swift in Sources */ = {isa = PBXBuildFile; fileRef = 998D3AEA21DDCF5C003DD717 /* ReviewCell.swift */; };
		998D3AED21DDCF5C003DD717 /* ReviewCell.xib in Resources */ = {isa = PBXBuildFile; fileRef = 998D3AEB21DDCF5C003DD717 /* ReviewCell.xib */; };
		998D3AF021DDCF6A003DD717 /* TableViewCell.swift in Sources */ = {isa = PBXBuildFile; fileRef = 998D3AEE21DDCF6A003DD717 /* TableViewCell.swift */; };
		998D3AF121DDCF6A003DD717 /* TableViewCell.xib in Resources */ = {isa = PBXBuildFile; fileRef = 998D3AEF21DDCF6A003DD717 /* TableViewCell.xib */; };
		99A2CDAE218DA179003ED903 /* ServiceRequest.swift in Sources */ = {isa = PBXBuildFile; fileRef = 99A2CDAD218DA179003ED903 /* ServiceRequest.swift */; };
		99D5D99121F43C1600E6A511 /* Authentication.framework in Frameworks */ = {isa = PBXBuildFile; fileRef = 998D03D821F429BA00546C58 /* Authentication.framework */; };
		99D5D99321F43C1600E6A511 /* CarSwaddleNetworkRequest.framework in Frameworks */ = {isa = PBXBuildFile; fileRef = 991375AA2171D81900F15BEC /* CarSwaddleNetworkRequest.framework */; };
		99D5D99421F43C1600E6A511 /* CarSwaddleUI.framework in Frameworks */ = {isa = PBXBuildFile; fileRef = 998D03D921F429BA00546C58 /* CarSwaddleUI.framework */; };
		99D5D9DB21F5CD9700E6A511 /* NetworkRequest.framework in Frameworks */ = {isa = PBXBuildFile; fileRef = 998D03D721F429BA00546C58 /* NetworkRequest.framework */; };
		99D5D9DD21F5CD9700E6A511 /* Cosmos.framework in Frameworks */ = {isa = PBXBuildFile; fileRef = 998D3AF321DDD6CE003DD717 /* Cosmos.framework */; };
		99D5D9DF21F5CD9700E6A511 /* Stripe.framework in Frameworks */ = {isa = PBXBuildFile; fileRef = 997714CC21CE435F00E54F5B /* Stripe.framework */; };
		99D5D9E121F5CD9700E6A511 /* CarSwaddleData.framework in Frameworks */ = {isa = PBXBuildFile; fileRef = 99F0277821845755005FEFC7 /* CarSwaddleData.framework */; };
		99D5D9E521F5CD9700E6A511 /* Store.framework in Frameworks */ = {isa = PBXBuildFile; fileRef = 991375A02171C02700F15BEC /* Store.framework */; };
		99D5D9E721F5CD9700E6A511 /* KeychainAccess.framework in Frameworks */ = {isa = PBXBuildFile; fileRef = 995D0103216AD7C3009B1895 /* KeychainAccess.framework */; };
		99D5DA4721FD15EC00E6A511 /* AuthenticationServices.framework in Frameworks */ = {isa = PBXBuildFile; fileRef = 99D5DA4621FD15EC00E6A511 /* AuthenticationServices.framework */; };
		99D5DA4921FD302100E6A511 /* CloudKit.framework in Frameworks */ = {isa = PBXBuildFile; fileRef = 99D5DA4821FD302100E6A511 /* CloudKit.framework */; };
		99DED710214B7EBC0061CFE0 /* Store.swift in Sources */ = {isa = PBXBuildFile; fileRef = 99DED70F214B7EBC0061CFE0 /* Store.swift */; };
		99E66D2721DE20FC00C6E3E1 /* localizable.stringsdict in Resources */ = {isa = PBXBuildFile; fileRef = 99E66D2621DE20FC00C6E3E1 /* localizable.stringsdict */; };
		99E66D2921DE88BA00C6E3E1 /* Localizable.strings in Resources */ = {isa = PBXBuildFile; fileRef = 99E66D2821DE88BA00C6E3E1 /* Localizable.strings */; };
		99E66DA421E294A600C6E3E1 /* ProfileHeaderView.swift in Sources */ = {isa = PBXBuildFile; fileRef = 99E66DA321E294A600C6E3E1 /* ProfileHeaderView.swift */; };
		99E66DA621E294AE00C6E3E1 /* ProfileHeaderView.xib in Resources */ = {isa = PBXBuildFile; fileRef = 99E66DA521E294AE00C6E3E1 /* ProfileHeaderView.xib */; };
		99E66DA821E2963A00C6E3E1 /* UserImageView.swift in Sources */ = {isa = PBXBuildFile; fileRef = 99E66DA721E2963A00C6E3E1 /* UserImageView.swift */; };
		99FEAFF8215DE3C00009BC07 /* CreateServiceOilTypeCell.swift in Sources */ = {isa = PBXBuildFile; fileRef = 99FEAFF6215DE3C00009BC07 /* CreateServiceOilTypeCell.swift */; };
		99FEAFF9215DE3C00009BC07 /* CreateServiceOilTypeCell.xib in Resources */ = {isa = PBXBuildFile; fileRef = 99FEAFF7215DE3C00009BC07 /* CreateServiceOilTypeCell.xib */; };
		99FEB002215DE46A0009BC07 /* SelectOilTypeViewController.swift in Sources */ = {isa = PBXBuildFile; fileRef = 99FEB001215DE46A0009BC07 /* SelectOilTypeViewController.swift */; };
		99FEB004215DE4770009BC07 /* SelectOilTypeViewController.storyboard in Resources */ = {isa = PBXBuildFile; fileRef = 99FEB003215DE4770009BC07 /* SelectOilTypeViewController.storyboard */; };
		99FEB006215DEECB0009BC07 /* OilTypeCell.swift in Sources */ = {isa = PBXBuildFile; fileRef = 99FEB005215DEECB0009BC07 /* OilTypeCell.swift */; };
		99FEB008215DEED80009BC07 /* OilTypeCell.xib in Resources */ = {isa = PBXBuildFile; fileRef = 99FEB007215DEED80009BC07 /* OilTypeCell.xib */; };
/* End PBXBuildFile section */

/* Begin PBXContainerItemProxy section */
		990F4382214252C700E65FC1 /* PBXContainerItemProxy */ = {
			isa = PBXContainerItemProxy;
			containerPortal = 990F4362214252C600E65FC1 /* Project object */;
			proxyType = 1;
			remoteGlobalIDString = 990F4369214252C600E65FC1;
			remoteInfo = CarSwaddle;
		};
		990F438D214252C700E65FC1 /* PBXContainerItemProxy */ = {
			isa = PBXContainerItemProxy;
			containerPortal = 990F4362214252C600E65FC1 /* Project object */;
			proxyType = 1;
			remoteGlobalIDString = 990F4369214252C600E65FC1;
			remoteInfo = CarSwaddle;
		};
/* End PBXContainerItemProxy section */

/* Begin PBXFileReference section */
		990F436A214252C600E65FC1 /* CarSwaddle.app */ = {isa = PBXFileReference; explicitFileType = wrapper.application; includeInIndex = 0; path = CarSwaddle.app; sourceTree = BUILT_PRODUCTS_DIR; };
		990F436D214252C600E65FC1 /* AppDelegate.swift */ = {isa = PBXFileReference; lastKnownFileType = sourcecode.swift; path = AppDelegate.swift; sourceTree = "<group>"; };
		990F436F214252C600E65FC1 /* ViewController.swift */ = {isa = PBXFileReference; lastKnownFileType = sourcecode.swift; path = ViewController.swift; sourceTree = "<group>"; };
		990F4372214252C600E65FC1 /* Base */ = {isa = PBXFileReference; lastKnownFileType = file.storyboard; name = Base; path = Base.lproj/Main.storyboard; sourceTree = "<group>"; };
		990F4377214252C700E65FC1 /* Assets.xcassets */ = {isa = PBXFileReference; lastKnownFileType = folder.assetcatalog; path = Assets.xcassets; sourceTree = "<group>"; };
		990F437A214252C700E65FC1 /* Base */ = {isa = PBXFileReference; lastKnownFileType = file.storyboard; name = Base; path = Base.lproj/LaunchScreen.storyboard; sourceTree = "<group>"; };
		990F437C214252C700E65FC1 /* Info.plist */ = {isa = PBXFileReference; lastKnownFileType = text.plist.xml; path = Info.plist; sourceTree = "<group>"; };
		990F4381214252C700E65FC1 /* CarSwaddleTests.xctest */ = {isa = PBXFileReference; explicitFileType = wrapper.cfbundle; includeInIndex = 0; path = CarSwaddleTests.xctest; sourceTree = BUILT_PRODUCTS_DIR; };
		990F4385214252C700E65FC1 /* CarSwaddleTests.swift */ = {isa = PBXFileReference; lastKnownFileType = sourcecode.swift; path = CarSwaddleTests.swift; sourceTree = "<group>"; };
		990F4387214252C700E65FC1 /* Info.plist */ = {isa = PBXFileReference; lastKnownFileType = text.plist.xml; path = Info.plist; sourceTree = "<group>"; };
		990F438C214252C700E65FC1 /* CarSwaddleUITests.xctest */ = {isa = PBXFileReference; explicitFileType = wrapper.cfbundle; includeInIndex = 0; path = CarSwaddleUITests.xctest; sourceTree = BUILT_PRODUCTS_DIR; };
		99116903215B76B6001E039E /* AddVehicleCell.swift */ = {isa = PBXFileReference; lastKnownFileType = sourcecode.swift; path = AddVehicleCell.swift; sourceTree = "<group>"; };
		99116904215B76B6001E039E /* AddVehicleCell.xib */ = {isa = PBXFileReference; lastKnownFileType = file.xib; path = AddVehicleCell.xib; sourceTree = "<group>"; };
		9912CD9D216C7B010006FDDF /* CarSwaddle.entitlements */ = {isa = PBXFileReference; lastKnownFileType = text.plist.entitlements; path = CarSwaddle.entitlements; sourceTree = "<group>"; };
		991375A02171C02700F15BEC /* Store.framework */ = {isa = PBXFileReference; lastKnownFileType = wrapper.framework; name = Store.framework; path = Carthage/Build/iOS/Store.framework; sourceTree = "<group>"; };
		991375AA2171D81900F15BEC /* CarSwaddleNetworkRequest.framework */ = {isa = PBXFileReference; lastKnownFileType = wrapper.framework; name = CarSwaddleNetworkRequest.framework; path = Carthage/Build/iOS/CarSwaddleNetworkRequest.framework; sourceTree = "<group>"; };
		991C9FC42213E3E2004B9C15 /* VerifyPhoneNumberViewController.swift */ = {isa = PBXFileReference; lastKnownFileType = sourcecode.swift; path = VerifyPhoneNumberViewController.swift; sourceTree = "<group>"; };
		991C9FC62215485D004B9C15 /* PhoneNumberViewController.swift */ = {isa = PBXFileReference; lastKnownFileType = sourcecode.swift; path = PhoneNumberViewController.swift; sourceTree = "<group>"; };
		991C9FC82215486A004B9C15 /* PhoneNumberViewController.storyboard */ = {isa = PBXFileReference; lastKnownFileType = file.storyboard; path = PhoneNumberViewController.storyboard; sourceTree = "<group>"; };
		992BFDCE22056B10006B64CC /* TweakValues.swift */ = {isa = PBXFileReference; lastKnownFileType = sourcecode.swift; path = TweakValues.swift; sourceTree = "<group>"; };
		992BFDD022056B8B006B64CC /* Logout.swift */ = {isa = PBXFileReference; lastKnownFileType = sourcecode.swift; path = Logout.swift; sourceTree = "<group>"; };
		993BA12521585ACA00DB95EF /* LocationManager.swift */ = {isa = PBXFileReference; lastKnownFileType = sourcecode.swift; path = LocationManager.swift; sourceTree = "<group>"; };
		9942543E215762750075EDCA /* CreateServiceVehicleCell.xib */ = {isa = PBXFileReference; lastKnownFileType = file.xib; path = CreateServiceVehicleCell.xib; sourceTree = "<group>"; };
		99425446215762750075EDCA /* CreateServiceVehicleCell.swift */ = {isa = PBXFileReference; lastKnownFileType = sourcecode.swift; path = CreateServiceVehicleCell.swift; sourceTree = "<group>"; };
		99425448215762A10075EDCA /* CreateServiceMechanicCell.xib */ = {isa = PBXFileReference; lastKnownFileType = file.xib; path = CreateServiceMechanicCell.xib; sourceTree = "<group>"; };
		99425449215762A10075EDCA /* CreateServiceMechanicCell.swift */ = {isa = PBXFileReference; lastKnownFileType = sourcecode.swift; path = CreateServiceMechanicCell.swift; sourceTree = "<group>"; };
		9942544B215762C50075EDCA /* CreateServicePriceCell.xib */ = {isa = PBXFileReference; lastKnownFileType = file.xib; path = CreateServicePriceCell.xib; sourceTree = "<group>"; };
		9942544C215762C50075EDCA /* CreateServicePriceCell.swift */ = {isa = PBXFileReference; lastKnownFileType = sourcecode.swift; path = CreateServicePriceCell.swift; sourceTree = "<group>"; };
		994254512157691A0075EDCA /* CreateServiceCell.swift */ = {isa = PBXFileReference; lastKnownFileType = sourcecode.swift; path = CreateServiceCell.swift; sourceTree = "<group>"; };
		99425465215778DD0075EDCA /* Defaults.swift */ = {isa = PBXFileReference; lastKnownFileType = sourcecode.swift; path = Defaults.swift; sourceTree = "<group>"; };
		9942546A21577B6C0075EDCA /* SelectMechanicViewController.swift */ = {isa = PBXFileReference; lastKnownFileType = sourcecode.swift; path = SelectMechanicViewController.swift; sourceTree = "<group>"; };
		9942546C21577B6E0075EDCA /* SelectVehicleViewController.swift */ = {isa = PBXFileReference; lastKnownFileType = sourcecode.swift; path = SelectVehicleViewController.swift; sourceTree = "<group>"; };
		9942547021577B730075EDCA /* SelectLocationViewController.swift */ = {isa = PBXFileReference; lastKnownFileType = sourcecode.swift; path = SelectLocationViewController.swift; sourceTree = "<group>"; };
		99425474215781F80075EDCA /* SelectLocationViewController.storyboard */ = {isa = PBXFileReference; lastKnownFileType = file.storyboard; path = SelectLocationViewController.storyboard; sourceTree = "<group>"; };
		99425476215782060075EDCA /* SelectMechanicViewController.storyboard */ = {isa = PBXFileReference; lastKnownFileType = file.storyboard; path = SelectMechanicViewController.storyboard; sourceTree = "<group>"; };
		99425477215782080075EDCA /* SelectVehicleViewController.storyboard */ = {isa = PBXFileReference; lastKnownFileType = file.storyboard; path = SelectVehicleViewController.storyboard; sourceTree = "<group>"; };
		9943BCE421EF226400D553F6 /* MechanicImageView.swift */ = {isa = PBXFileReference; lastKnownFileType = sourcecode.swift; path = MechanicImageView.swift; sourceTree = "<group>"; };
		9943C171215B6C69003C2BE9 /* VehicleCell.swift */ = {isa = PBXFileReference; lastKnownFileType = sourcecode.swift; path = VehicleCell.swift; sourceTree = "<group>"; };
		9943C172215B6C69003C2BE9 /* VehicleCell.xib */ = {isa = PBXFileReference; lastKnownFileType = file.xib; path = VehicleCell.xib; sourceTree = "<group>"; };
		994CA9F6215206CD00D41F6C /* LoginViewController.swift */ = {isa = PBXFileReference; lastKnownFileType = sourcecode.swift; path = LoginViewController.swift; sourceTree = "<group>"; };
		994CA9F8215206E600D41F6C /* LoginViewController.storyboard */ = {isa = PBXFileReference; lastKnownFileType = file.storyboard; path = LoginViewController.storyboard; sourceTree = "<group>"; };
		994CA9FB215208BD00D41F6C /* SignUpViewController.swift */ = {isa = PBXFileReference; lastKnownFileType = sourcecode.swift; path = SignUpViewController.swift; sourceTree = "<group>"; };
		9955BC192154E8DC008DAF8E /* UsersViewController.swift */ = {isa = PBXFileReference; lastKnownFileType = sourcecode.swift; path = UsersViewController.swift; sourceTree = "<group>"; };
		9955BC2321555D62008DAF8E /* Navigator.swift */ = {isa = PBXFileReference; lastKnownFileType = sourcecode.swift; path = Navigator.swift; sourceTree = "<group>"; };
		9955BC28215563F8008DAF8E /* UIFontExtension.swift */ = {isa = PBXFileReference; lastKnownFileType = sourcecode.swift; path = UIFontExtension.swift; sourceTree = "<group>"; };
		9955BC2A2155650C008DAF8E /* ProfileViewController.swift */ = {isa = PBXFileReference; lastKnownFileType = sourcecode.swift; path = ProfileViewController.swift; sourceTree = "<group>"; };
		9955BC2C21556527008DAF8E /* ProfileViewController.storyboard */ = {isa = PBXFileReference; lastKnownFileType = file.storyboard; path = ProfileViewController.storyboard; sourceTree = "<group>"; };
		9955BC2E21556554008DAF8E /* ServicesViewController.swift */ = {isa = PBXFileReference; lastKnownFileType = sourcecode.swift; path = ServicesViewController.swift; sourceTree = "<group>"; };
		9955BC3021556566008DAF8E /* ServicesViewController.storyboard */ = {isa = PBXFileReference; lastKnownFileType = file.storyboard; path = ServicesViewController.storyboard; sourceTree = "<group>"; };
		9955BC3421557305008DAF8E /* CreateServiceViewController.swift */ = {isa = PBXFileReference; lastKnownFileType = sourcecode.swift; path = CreateServiceViewController.swift; sourceTree = "<group>"; };
		9955BC3621557311008DAF8E /* CreateServiceViewController.storyboard */ = {isa = PBXFileReference; lastKnownFileType = file.storyboard; path = CreateServiceViewController.storyboard; sourceTree = "<group>"; };
		9955BC3C215588DB008DAF8E /* CreateServiceLocationCell.swift */ = {isa = PBXFileReference; lastKnownFileType = sourcecode.swift; path = CreateServiceLocationCell.swift; sourceTree = "<group>"; };
		9955BC3D215588DB008DAF8E /* CreateServiceLocationCell.xib */ = {isa = PBXFileReference; lastKnownFileType = file.xib; path = CreateServiceLocationCell.xib; sourceTree = "<group>"; };
		995B9F232154B4380030A7CA /* GlobalImports.swift */ = {isa = PBXFileReference; lastKnownFileType = sourcecode.swift; path = GlobalImports.swift; sourceTree = "<group>"; };
		995D0103216AD7C3009B1895 /* KeychainAccess.framework */ = {isa = PBXFileReference; lastKnownFileType = wrapper.framework; name = KeychainAccess.framework; path = Carthage/Build/iOS/KeychainAccess.framework; sourceTree = "<group>"; };
		997714C221CCE2C700E54F5B /* PricePartView.swift */ = {isa = PBXFileReference; lastKnownFileType = sourcecode.swift; path = PricePartView.swift; sourceTree = "<group>"; };
		997714C421CCE35800E54F5B /* PricePartView.xib */ = {isa = PBXFileReference; lastKnownFileType = file.xib; path = PricePartView.xib; sourceTree = "<group>"; };
		997714C621CCF5BC00E54F5B /* Stripe.swift */ = {isa = PBXFileReference; lastKnownFileType = sourcecode.swift; path = Stripe.swift; sourceTree = "<group>"; };
		997714CC21CE435F00E54F5B /* Stripe.framework */ = {isa = PBXFileReference; lastKnownFileType = wrapper.framework; name = Stripe.framework; path = Carthage/Build/iOS/Stripe.framework; sourceTree = "<group>"; };
		997DBC40218EBD210080F42C /* MechanicSelectCell.swift */ = {isa = PBXFileReference; lastKnownFileType = sourcecode.swift; path = MechanicSelectCell.swift; sourceTree = "<group>"; };
		997DBC41218EBD210080F42C /* MechanicSelectCell.xib */ = {isa = PBXFileReference; lastKnownFileType = file.xib; path = MechanicSelectCell.xib; sourceTree = "<group>"; };
		997DBC502197575A0080F42C /* UserNameViewController.swift */ = {isa = PBXFileReference; lastKnownFileType = sourcecode.swift; path = UserNameViewController.swift; sourceTree = "<group>"; };
		997DBC552197580B0080F42C /* UserNameViewController.storyboard */ = {isa = PBXFileReference; lastKnownFileType = file.storyboard; path = UserNameViewController.storyboard; sourceTree = "<group>"; };
		997DBC612198FBC90080F42C /* lehi.gpx */ = {isa = PBXFileReference; fileEncoding = 4; lastKnownFileType = text.xml; path = lehi.gpx; sourceTree = "<group>"; };
		997DBC6521995B320080F42C /* MechanicViewController.swift */ = {isa = PBXFileReference; lastKnownFileType = sourcecode.swift; path = MechanicViewController.swift; sourceTree = "<group>"; };
		997DBC6721995B3E0080F42C /* MechanicViewController.storyboard */ = {isa = PBXFileReference; lastKnownFileType = file.storyboard; path = MechanicViewController.storyboard; sourceTree = "<group>"; };
		997DBC6921995ECE0080F42C /* MechanicDayAvailabilityView.swift */ = {isa = PBXFileReference; lastKnownFileType = sourcecode.swift; path = MechanicDayAvailabilityView.swift; sourceTree = "<group>"; };
		997DBC6B21995EDA0080F42C /* MechanicDayAvailabilityView.xib */ = {isa = PBXFileReference; lastKnownFileType = file.xib; path = MechanicDayAvailabilityView.xib; sourceTree = "<group>"; };
		997DBC6D2199657E0080F42C /* HourCollectionViewCell.xib */ = {isa = PBXFileReference; lastKnownFileType = file.xib; path = HourCollectionViewCell.xib; sourceTree = "<group>"; };
		997DBC6E2199657F0080F42C /* HourCollectionViewCell.swift */ = {isa = PBXFileReference; lastKnownFileType = sourcecode.swift; path = HourCollectionViewCell.swift; sourceTree = "<group>"; };
		997DBC7321997E020080F42C /* TimeIntervalExtension.swift */ = {isa = PBXFileReference; lastKnownFileType = sourcecode.swift; path = TimeIntervalExtension.swift; sourceTree = "<group>"; };
		997DBC7521997E370080F42C /* DateExtension.swift */ = {isa = PBXFileReference; lastKnownFileType = sourcecode.swift; path = DateExtension.swift; sourceTree = "<group>"; };
		997DBC9F21B79E620080F42C /* AutoServiceCell.swift */ = {isa = PBXFileReference; lastKnownFileType = sourcecode.swift; path = AutoServiceCell.swift; sourceTree = "<group>"; };
		997DBCA021B79E620080F42C /* AutoServiceCell.xib */ = {isa = PBXFileReference; lastKnownFileType = file.xib; path = AutoServiceCell.xib; sourceTree = "<group>"; };
		997DBCA721BA605A0080F42C /* PushNotificationController.swift */ = {isa = PBXFileReference; lastKnownFileType = sourcecode.swift; path = PushNotificationController.swift; sourceTree = "<group>"; };
		998D03D721F429BA00546C58 /* NetworkRequest.framework */ = {isa = PBXFileReference; lastKnownFileType = wrapper.framework; name = NetworkRequest.framework; path = Carthage/Build/iOS/NetworkRequest.framework; sourceTree = "<group>"; };
		998D03D821F429BA00546C58 /* Authentication.framework */ = {isa = PBXFileReference; lastKnownFileType = wrapper.framework; name = Authentication.framework; path = Carthage/Build/iOS/Authentication.framework; sourceTree = "<group>"; };
		998D03D921F429BA00546C58 /* CarSwaddleUI.framework */ = {isa = PBXFileReference; lastKnownFileType = wrapper.framework; name = CarSwaddleUI.framework; path = Carthage/Build/iOS/CarSwaddleUI.framework; sourceTree = "<group>"; };
		998D3AE621DDCC48003DD717 /* AutoServiceDetailsViewController.swift */ = {isa = PBXFileReference; lastKnownFileType = sourcecode.swift; path = AutoServiceDetailsViewController.swift; sourceTree = "<group>"; };
		998D3AE821DDCC52003DD717 /* AutoServiceDetailsViewController.storyboard */ = {isa = PBXFileReference; lastKnownFileType = file.storyboard; path = AutoServiceDetailsViewController.storyboard; sourceTree = "<group>"; };
		998D3AEA21DDCF5C003DD717 /* ReviewCell.swift */ = {isa = PBXFileReference; lastKnownFileType = sourcecode.swift; path = ReviewCell.swift; sourceTree = "<group>"; };
		998D3AEB21DDCF5C003DD717 /* ReviewCell.xib */ = {isa = PBXFileReference; lastKnownFileType = file.xib; path = ReviewCell.xib; sourceTree = "<group>"; };
		998D3AEE21DDCF6A003DD717 /* TableViewCell.swift */ = {isa = PBXFileReference; lastKnownFileType = sourcecode.swift; path = TableViewCell.swift; sourceTree = "<group>"; };
		998D3AEF21DDCF6A003DD717 /* TableViewCell.xib */ = {isa = PBXFileReference; lastKnownFileType = file.xib; path = TableViewCell.xib; sourceTree = "<group>"; };
		998D3AF321DDD6CE003DD717 /* Cosmos.framework */ = {isa = PBXFileReference; lastKnownFileType = wrapper.framework; name = Cosmos.framework; path = Carthage/Build/iOS/Cosmos.framework; sourceTree = "<group>"; };
		99A2CDAD218DA179003ED903 /* ServiceRequest.swift */ = {isa = PBXFileReference; fileEncoding = 4; lastKnownFileType = sourcecode.swift; path = ServiceRequest.swift; sourceTree = "<group>"; };
		99C791C32150C8A8000167CB /* CarSwaddle-Bridging-Header.h */ = {isa = PBXFileReference; lastKnownFileType = sourcecode.c.h; path = "CarSwaddle-Bridging-Header.h"; sourceTree = "<group>"; };
		99D5DA4621FD15EC00E6A511 /* AuthenticationServices.framework */ = {isa = PBXFileReference; lastKnownFileType = wrapper.framework; name = AuthenticationServices.framework; path = System/Library/Frameworks/AuthenticationServices.framework; sourceTree = SDKROOT; };
		99D5DA4821FD302100E6A511 /* CloudKit.framework */ = {isa = PBXFileReference; lastKnownFileType = wrapper.framework; name = CloudKit.framework; path = System/Library/Frameworks/CloudKit.framework; sourceTree = SDKROOT; };
		99DED70F214B7EBC0061CFE0 /* Store.swift */ = {isa = PBXFileReference; lastKnownFileType = sourcecode.swift; path = Store.swift; sourceTree = "<group>"; };
		99E66D2621DE20FC00C6E3E1 /* localizable.stringsdict */ = {isa = PBXFileReference; lastKnownFileType = text.plist.stringsdict; path = localizable.stringsdict; sourceTree = "<group>"; };
		99E66D2821DE88BA00C6E3E1 /* Localizable.strings */ = {isa = PBXFileReference; lastKnownFileType = text.plist.strings; path = Localizable.strings; sourceTree = "<group>"; };
		99E66DA321E294A600C6E3E1 /* ProfileHeaderView.swift */ = {isa = PBXFileReference; lastKnownFileType = sourcecode.swift; path = ProfileHeaderView.swift; sourceTree = "<group>"; };
		99E66DA521E294AE00C6E3E1 /* ProfileHeaderView.xib */ = {isa = PBXFileReference; lastKnownFileType = file.xib; path = ProfileHeaderView.xib; sourceTree = "<group>"; };
		99E66DA721E2963A00C6E3E1 /* UserImageView.swift */ = {isa = PBXFileReference; lastKnownFileType = sourcecode.swift; path = UserImageView.swift; sourceTree = "<group>"; };
		99F0277821845755005FEFC7 /* CarSwaddleData.framework */ = {isa = PBXFileReference; lastKnownFileType = wrapper.framework; name = CarSwaddleData.framework; path = Carthage/Build/iOS/CarSwaddleData.framework; sourceTree = "<group>"; };
		99FEAFF6215DE3C00009BC07 /* CreateServiceOilTypeCell.swift */ = {isa = PBXFileReference; lastKnownFileType = sourcecode.swift; path = CreateServiceOilTypeCell.swift; sourceTree = "<group>"; };
		99FEAFF7215DE3C00009BC07 /* CreateServiceOilTypeCell.xib */ = {isa = PBXFileReference; lastKnownFileType = file.xib; path = CreateServiceOilTypeCell.xib; sourceTree = "<group>"; };
		99FEB001215DE46A0009BC07 /* SelectOilTypeViewController.swift */ = {isa = PBXFileReference; lastKnownFileType = sourcecode.swift; path = SelectOilTypeViewController.swift; sourceTree = "<group>"; };
		99FEB003215DE4770009BC07 /* SelectOilTypeViewController.storyboard */ = {isa = PBXFileReference; lastKnownFileType = file.storyboard; path = SelectOilTypeViewController.storyboard; sourceTree = "<group>"; };
		99FEB005215DEECB0009BC07 /* OilTypeCell.swift */ = {isa = PBXFileReference; lastKnownFileType = sourcecode.swift; path = OilTypeCell.swift; sourceTree = "<group>"; };
		99FEB007215DEED80009BC07 /* OilTypeCell.xib */ = {isa = PBXFileReference; lastKnownFileType = file.xib; path = OilTypeCell.xib; sourceTree = "<group>"; };
/* End PBXFileReference section */

/* Begin PBXFrameworksBuildPhase section */
		990F4367214252C600E65FC1 /* Frameworks */ = {
			isa = PBXFrameworksBuildPhase;
			buildActionMask = 2147483647;
			files = (
				99D5D99121F43C1600E6A511 /* Authentication.framework in Frameworks */,
				99D5D9E121F5CD9700E6A511 /* CarSwaddleData.framework in Frameworks */,
				99D5D9DF21F5CD9700E6A511 /* Stripe.framework in Frameworks */,
				99D5D9DB21F5CD9700E6A511 /* NetworkRequest.framework in Frameworks */,
				99D5D9E721F5CD9700E6A511 /* KeychainAccess.framework in Frameworks */,
				99D5D99321F43C1600E6A511 /* CarSwaddleNetworkRequest.framework in Frameworks */,
				99D5DA4721FD15EC00E6A511 /* AuthenticationServices.framework in Frameworks */,
				99D5DA4921FD302100E6A511 /* CloudKit.framework in Frameworks */,
				99D5D9E521F5CD9700E6A511 /* Store.framework in Frameworks */,
				99D5D9DD21F5CD9700E6A511 /* Cosmos.framework in Frameworks */,
				99D5D99421F43C1600E6A511 /* CarSwaddleUI.framework in Frameworks */,
			);
			runOnlyForDeploymentPostprocessing = 0;
		};
		990F437E214252C700E65FC1 /* Frameworks */ = {
			isa = PBXFrameworksBuildPhase;
			buildActionMask = 2147483647;
			files = (
			);
			runOnlyForDeploymentPostprocessing = 0;
		};
		990F4389214252C700E65FC1 /* Frameworks */ = {
			isa = PBXFrameworksBuildPhase;
			buildActionMask = 2147483647;
			files = (
			);
			runOnlyForDeploymentPostprocessing = 0;
		};
/* End PBXFrameworksBuildPhase section */

/* Begin PBXGroup section */
		990F4361214252C600E65FC1 = {
			isa = PBXGroup;
			children = (
				990F436C214252C600E65FC1 /* CarSwaddle */,
				990F4384214252C700E65FC1 /* CarSwaddleTests */,
				990F436B214252C600E65FC1 /* Products */,
				99F78F24214BA4E400D1BD28 /* Frameworks */,
			);
			sourceTree = "<group>";
		};
		990F436B214252C600E65FC1 /* Products */ = {
			isa = PBXGroup;
			children = (
				990F436A214252C600E65FC1 /* CarSwaddle.app */,
				990F4381214252C700E65FC1 /* CarSwaddleTests.xctest */,
				990F438C214252C700E65FC1 /* CarSwaddleUITests.xctest */,
			);
			name = Products;
			sourceTree = "<group>";
		};
		990F436C214252C600E65FC1 /* CarSwaddle */ = {
			isa = PBXGroup;
			children = (
				99A2CDAD218DA179003ED903 /* ServiceRequest.swift */,
				997DBCA721BA605A0080F42C /* PushNotificationController.swift */,
				997714C621CCF5BC00E54F5B /* Stripe.swift */,
				992BFDD022056B8B006B64CC /* Logout.swift */,
				9955BC2521556302008DAF8E /* Extensions */,
				99F78F1A214B9F1D00D1BD28 /* UI */,
				9991FE1A214B86F900F58F42 /* Launch */,
				99F78F19214B9F1700D1BD28 /* Store */,
				9991FE17214B86D600F58F42 /* Resources */,
				9991FE18214B86DE00F58F42 /* Support */,
			);
			path = CarSwaddle;
			sourceTree = "<group>";
		};
		990F4384214252C700E65FC1 /* CarSwaddleTests */ = {
			isa = PBXGroup;
			children = (
				990F4385214252C700E65FC1 /* CarSwaddleTests.swift */,
				990F4387214252C700E65FC1 /* Info.plist */,
			);
			path = CarSwaddleTests;
			sourceTree = "<group>";
		};
		992BFDCD22056B04006B64CC /* Tweaks */ = {
			isa = PBXGroup;
			children = (
				992BFDCE22056B10006B64CC /* TweakValues.swift */,
			);
			path = Tweaks;
			sourceTree = "<group>";
		};
		9942546721577A990075EDCA /* ViewControllers */ = {
			isa = PBXGroup;
			children = (
				9942547021577B730075EDCA /* SelectLocationViewController.swift */,
				99425474215781F80075EDCA /* SelectLocationViewController.storyboard */,
				997DBC3F218EA8AA0080F42C /* Mechanic */,
				9943C169215B61F4003C2BE9 /* Vehicle */,
				99927585215DF2C70032D7F7 /* Oil Type */,
			);
			path = ViewControllers;
			sourceTree = "<group>";
		};
		9943C169215B61F4003C2BE9 /* Vehicle */ = {
			isa = PBXGroup;
			children = (
				9942546C21577B6E0075EDCA /* SelectVehicleViewController.swift */,
				99425477215782080075EDCA /* SelectVehicleViewController.storyboard */,
				9943C171215B6C69003C2BE9 /* VehicleCell.swift */,
				9943C172215B6C69003C2BE9 /* VehicleCell.xib */,
				99116903215B76B6001E039E /* AddVehicleCell.swift */,
				99116904215B76B6001E039E /* AddVehicleCell.xib */,
			);
			path = Vehicle;
			sourceTree = "<group>";
		};
		994CA9FA215206EE00D41F6C /* Login */ = {
			isa = PBXGroup;
			children = (
				994CA9F6215206CD00D41F6C /* LoginViewController.swift */,
				994CA9FB215208BD00D41F6C /* SignUpViewController.swift */,
				994CA9F8215206E600D41F6C /* LoginViewController.storyboard */,
				9955BC192154E8DC008DAF8E /* UsersViewController.swift */,
				997DBC502197575A0080F42C /* UserNameViewController.swift */,
				997DBC552197580B0080F42C /* UserNameViewController.storyboard */,
				991C9FC62215485D004B9C15 /* PhoneNumberViewController.swift */,
				991C9FC82215486A004B9C15 /* PhoneNumberViewController.storyboard */,
				991C9FC42213E3E2004B9C15 /* VerifyPhoneNumberViewController.swift */,
			);
			path = Login;
			sourceTree = "<group>";
		};
		9955BC2521556302008DAF8E /* Extensions */ = {
			isa = PBXGroup;
			children = (
				9955BC28215563F8008DAF8E /* UIFontExtension.swift */,
				997DBC7321997E020080F42C /* TimeIntervalExtension.swift */,
				997DBC7521997E370080F42C /* DateExtension.swift */,
			);
			path = Extensions;
			sourceTree = "<group>";
		};
		9955BC3221556ABA008DAF8E /* Navigation */ = {
			isa = PBXGroup;
			children = (
				9955BC2321555D62008DAF8E /* Navigator.swift */,
			);
			path = Navigation;
			sourceTree = "<group>";
		};
		9955BC33215572E3008DAF8E /* AutoServices */ = {
			isa = PBXGroup;
			children = (
				9955BC2E21556554008DAF8E /* ServicesViewController.swift */,
				9955BC3021556566008DAF8E /* ServicesViewController.storyboard */,
				997DBC9F21B79E620080F42C /* AutoServiceCell.swift */,
				997DBCA021B79E620080F42C /* AutoServiceCell.xib */,
				998D3AF221DDCFA6003DD717 /* AutoService Details */,
			);
			path = AutoServices;
			sourceTree = "<group>";
		};
		9955BC382155741B008DAF8E /* Profile */ = {
			isa = PBXGroup;
			children = (
				9955BC2A2155650C008DAF8E /* ProfileViewController.swift */,
				9955BC2C21556527008DAF8E /* ProfileViewController.storyboard */,
				99E66DA321E294A600C6E3E1 /* ProfileHeaderView.swift */,
				99E66DA521E294AE00C6E3E1 /* ProfileHeaderView.xib */,
				99E66DA721E2963A00C6E3E1 /* UserImageView.swift */,
				9943BCE421EF226400D553F6 /* MechanicImageView.swift */,
			);
			path = Profile;
			sourceTree = "<group>";
		};
		9955BC3B215587EE008DAF8E /* Create Service */ = {
			isa = PBXGroup;
			children = (
				9955BC3421557305008DAF8E /* CreateServiceViewController.swift */,
				9955BC3621557311008DAF8E /* CreateServiceViewController.storyboard */,
				9955BC40215588E4008DAF8E /* Cells */,
				9942546721577A990075EDCA /* ViewControllers */,
			);
			path = "Create Service";
			sourceTree = "<group>";
		};
		9955BC40215588E4008DAF8E /* Cells */ = {
			isa = PBXGroup;
			children = (
				994254512157691A0075EDCA /* CreateServiceCell.swift */,
				9955BC3C215588DB008DAF8E /* CreateServiceLocationCell.swift */,
				9955BC3D215588DB008DAF8E /* CreateServiceLocationCell.xib */,
				99425449215762A10075EDCA /* CreateServiceMechanicCell.swift */,
				99425448215762A10075EDCA /* CreateServiceMechanicCell.xib */,
				99425446215762750075EDCA /* CreateServiceVehicleCell.swift */,
				9942543E215762750075EDCA /* CreateServiceVehicleCell.xib */,
				9942544C215762C50075EDCA /* CreateServicePriceCell.swift */,
				9942544B215762C50075EDCA /* CreateServicePriceCell.xib */,
				997714C221CCE2C700E54F5B /* PricePartView.swift */,
				997714C421CCE35800E54F5B /* PricePartView.xib */,
				99FEAFF6215DE3C00009BC07 /* CreateServiceOilTypeCell.swift */,
				99FEAFF7215DE3C00009BC07 /* CreateServiceOilTypeCell.xib */,
			);
			path = Cells;
			sourceTree = "<group>";
		};
		997DBC3F218EA8AA0080F42C /* Mechanic */ = {
			isa = PBXGroup;
			children = (
				9942546A21577B6C0075EDCA /* SelectMechanicViewController.swift */,
				99425476215782060075EDCA /* SelectMechanicViewController.storyboard */,
				997DBC40218EBD210080F42C /* MechanicSelectCell.swift */,
				997DBC41218EBD210080F42C /* MechanicSelectCell.xib */,
				997DBC6521995B320080F42C /* MechanicViewController.swift */,
				997DBC6721995B3E0080F42C /* MechanicViewController.storyboard */,
				997DBC6921995ECE0080F42C /* MechanicDayAvailabilityView.swift */,
				997DBC6B21995EDA0080F42C /* MechanicDayAvailabilityView.xib */,
				997DBC6E2199657F0080F42C /* HourCollectionViewCell.swift */,
				997DBC6D2199657E0080F42C /* HourCollectionViewCell.xib */,
			);
			path = Mechanic;
			sourceTree = "<group>";
		};
		998D3AF221DDCFA6003DD717 /* AutoService Details */ = {
			isa = PBXGroup;
			children = (
				998D3AE621DDCC48003DD717 /* AutoServiceDetailsViewController.swift */,
				998D3AE821DDCC52003DD717 /* AutoServiceDetailsViewController.storyboard */,
				998D3AEA21DDCF5C003DD717 /* ReviewCell.swift */,
				998D3AEB21DDCF5C003DD717 /* ReviewCell.xib */,
				998D3AEE21DDCF6A003DD717 /* TableViewCell.swift */,
				998D3AEF21DDCF6A003DD717 /* TableViewCell.xib */,
			);
			path = "AutoService Details";
			sourceTree = "<group>";
		};
		9991FE17214B86D600F58F42 /* Resources */ = {
			isa = PBXGroup;
			children = (
				997DBC612198FBC90080F42C /* lehi.gpx */,
				990F4377214252C700E65FC1 /* Assets.xcassets */,
				99E66D2621DE20FC00C6E3E1 /* localizable.stringsdict */,
				99E66D2821DE88BA00C6E3E1 /* Localizable.strings */,
			);
			path = Resources;
			sourceTree = "<group>";
		};
		9991FE18214B86DE00F58F42 /* Support */ = {
			isa = PBXGroup;
			children = (
				9912CD9D216C7B010006FDDF /* CarSwaddle.entitlements */,
				990F437C214252C700E65FC1 /* Info.plist */,
				99C791C32150C8A8000167CB /* CarSwaddle-Bridging-Header.h */,
			);
			path = Support;
			sourceTree = "<group>";
		};
		9991FE19214B86E900F58F42 /* Launch UI */ = {
			isa = PBXGroup;
			children = (
				990F4379214252C700E65FC1 /* LaunchScreen.storyboard */,
			);
			path = "Launch UI";
			sourceTree = "<group>";
		};
		9991FE1A214B86F900F58F42 /* Launch */ = {
			isa = PBXGroup;
			children = (
				990F436D214252C600E65FC1 /* AppDelegate.swift */,
			);
			path = Launch;
			sourceTree = "<group>";
		};
		99927585215DF2C70032D7F7 /* Oil Type */ = {
			isa = PBXGroup;
			children = (
				99FEB001215DE46A0009BC07 /* SelectOilTypeViewController.swift */,
				99FEB003215DE4770009BC07 /* SelectOilTypeViewController.storyboard */,
				99FEB005215DEECB0009BC07 /* OilTypeCell.swift */,
				99FEB007215DEED80009BC07 /* OilTypeCell.xib */,
			);
			path = "Oil Type";
			sourceTree = "<group>";
		};
		99F78F19214B9F1700D1BD28 /* Store */ = {
			isa = PBXGroup;
			children = (
				99DED70F214B7EBC0061CFE0 /* Store.swift */,
			);
			path = Store;
			sourceTree = "<group>";
		};
		99F78F1A214B9F1D00D1BD28 /* UI */ = {
			isa = PBXGroup;
			children = (
				992BFDCD22056B04006B64CC /* Tweaks */,
				9991FE19214B86E900F58F42 /* Launch UI */,
				994CA9FA215206EE00D41F6C /* Login */,
				9955BC3221556ABA008DAF8E /* Navigation */,
				990F436F214252C600E65FC1 /* ViewController.swift */,
				99425465215778DD0075EDCA /* Defaults.swift */,
				990F4371214252C600E65FC1 /* Main.storyboard */,
				995B9F232154B4380030A7CA /* GlobalImports.swift */,
				993BA12521585ACA00DB95EF /* LocationManager.swift */,
				9955BC3B215587EE008DAF8E /* Create Service */,
				9955BC33215572E3008DAF8E /* AutoServices */,
				9955BC382155741B008DAF8E /* Profile */,
			);
			path = UI;
			sourceTree = "<group>";
		};
		99F78F24214BA4E400D1BD28 /* Frameworks */ = {
			isa = PBXGroup;
			children = (
				99D5DA4821FD302100E6A511 /* CloudKit.framework */,
				99D5DA4621FD15EC00E6A511 /* AuthenticationServices.framework */,
				998D03D821F429BA00546C58 /* Authentication.framework */,
				998D03D921F429BA00546C58 /* CarSwaddleUI.framework */,
				998D03D721F429BA00546C58 /* NetworkRequest.framework */,
				998D3AF321DDD6CE003DD717 /* Cosmos.framework */,
				997714CC21CE435F00E54F5B /* Stripe.framework */,
				99F0277821845755005FEFC7 /* CarSwaddleData.framework */,
				991375AA2171D81900F15BEC /* CarSwaddleNetworkRequest.framework */,
				991375A02171C02700F15BEC /* Store.framework */,
				995D0103216AD7C3009B1895 /* KeychainAccess.framework */,
			);
			name = Frameworks;
			sourceTree = "<group>";
		};
/* End PBXGroup section */

/* Begin PBXNativeTarget section */
		990F4369214252C600E65FC1 /* CarSwaddle */ = {
			isa = PBXNativeTarget;
			buildConfigurationList = 990F4395214252C700E65FC1 /* Build configuration list for PBXNativeTarget "CarSwaddle" */;
			buildPhases = (
				990F4366214252C600E65FC1 /* Sources */,
				990F4367214252C600E65FC1 /* Frameworks */,
				990F4368214252C600E65FC1 /* Resources */,
				995AB47C216A902500EBD8C0 /* ShellScript */,
			);
			buildRules = (
			);
			dependencies = (
			);
			name = CarSwaddle;
			productName = CarSwaddle;
			productReference = 990F436A214252C600E65FC1 /* CarSwaddle.app */;
			productType = "com.apple.product-type.application";
		};
		990F4380214252C700E65FC1 /* CarSwaddleTests */ = {
			isa = PBXNativeTarget;
			buildConfigurationList = 990F4398214252C700E65FC1 /* Build configuration list for PBXNativeTarget "CarSwaddleTests" */;
			buildPhases = (
				990F437D214252C700E65FC1 /* Sources */,
				990F437E214252C700E65FC1 /* Frameworks */,
				990F437F214252C700E65FC1 /* Resources */,
			);
			buildRules = (
			);
			dependencies = (
				990F4383214252C700E65FC1 /* PBXTargetDependency */,
			);
			name = CarSwaddleTests;
			productName = CarSwaddleTests;
			productReference = 990F4381214252C700E65FC1 /* CarSwaddleTests.xctest */;
			productType = "com.apple.product-type.bundle.unit-test";
		};
		990F438B214252C700E65FC1 /* CarSwaddleUITests */ = {
			isa = PBXNativeTarget;
			buildConfigurationList = 990F439B214252C700E65FC1 /* Build configuration list for PBXNativeTarget "CarSwaddleUITests" */;
			buildPhases = (
				990F4388214252C700E65FC1 /* Sources */,
				990F4389214252C700E65FC1 /* Frameworks */,
				990F438A214252C700E65FC1 /* Resources */,
			);
			buildRules = (
			);
			dependencies = (
				990F438E214252C700E65FC1 /* PBXTargetDependency */,
			);
			name = CarSwaddleUITests;
			productName = CarSwaddleUITests;
			productReference = 990F438C214252C700E65FC1 /* CarSwaddleUITests.xctest */;
			productType = "com.apple.product-type.bundle.ui-testing";
		};
/* End PBXNativeTarget section */

/* Begin PBXProject section */
		990F4362214252C600E65FC1 /* Project object */ = {
			isa = PBXProject;
			attributes = {
				LastSwiftUpdateCheck = 1000;
				LastUpgradeCheck = 1000;
				ORGANIZATIONNAME = CarSwaddle;
				TargetAttributes = {
					990F4369214252C600E65FC1 = {
						CreatedOnToolsVersion = 10.0;
						SystemCapabilities = {
							com.apple.ApplePay = {
								enabled = 1;
							};
							com.apple.ApplicationGroups.iOS = {
								enabled = 1;
							};
							com.apple.AutoFillCredentialProvider = {
								enabled = 1;
							};
							com.apple.Keychain = {
								enabled = 1;
							};
							com.apple.Push = {
								enabled = 1;
							};
							com.apple.SafariKeychain = {
								enabled = 1;
							};
							com.apple.iCloud = {
								enabled = 1;
							};
						};
					};
					990F4380214252C700E65FC1 = {
						CreatedOnToolsVersion = 10.0;
						TestTargetID = 990F4369214252C600E65FC1;
					};
					990F438B214252C700E65FC1 = {
						CreatedOnToolsVersion = 10.0;
						TestTargetID = 990F4369214252C600E65FC1;
					};
				};
			};
			buildConfigurationList = 990F4365214252C600E65FC1 /* Build configuration list for PBXProject "CarSwaddle" */;
			compatibilityVersion = "Xcode 9.3";
			developmentRegion = en;
			hasScannedForEncodings = 0;
			knownRegions = (
				en,
				Base,
			);
			mainGroup = 990F4361214252C600E65FC1;
			productRefGroup = 990F436B214252C600E65FC1 /* Products */;
			projectDirPath = "";
			projectRoot = "";
			targets = (
				990F4369214252C600E65FC1 /* CarSwaddle */,
				990F4380214252C700E65FC1 /* CarSwaddleTests */,
				990F438B214252C700E65FC1 /* CarSwaddleUITests */,
			);
		};
/* End PBXProject section */

/* Begin PBXResourcesBuildPhase section */
		990F4368214252C600E65FC1 /* Resources */ = {
			isa = PBXResourcesBuildPhase;
			buildActionMask = 2147483647;
			files = (
				99E66D2721DE20FC00C6E3E1 /* localizable.stringsdict in Resources */,
				998D3AE921DDCC52003DD717 /* AutoServiceDetailsViewController.storyboard in Resources */,
				998D3AF121DDCF6A003DD717 /* TableViewCell.xib in Resources */,
				997DBCA221B79E620080F42C /* AutoServiceCell.xib in Resources */,
				99FEB008215DEED80009BC07 /* OilTypeCell.xib in Resources */,
				990F437B214252C700E65FC1 /* LaunchScreen.storyboard in Resources */,
				997DBC6C21995EDA0080F42C /* MechanicDayAvailabilityView.xib in Resources */,
				994CA9F9215206E600D41F6C /* LoginViewController.storyboard in Resources */,
				990F4378214252C700E65FC1 /* Assets.xcassets in Resources */,
				9955BC3721557311008DAF8E /* CreateServiceViewController.storyboard in Resources */,
				997DBC6821995B3E0080F42C /* MechanicViewController.storyboard in Resources */,
				99425475215781F80075EDCA /* SelectLocationViewController.storyboard in Resources */,
				9942547E2157F8300075EDCA /* SelectVehicleViewController.storyboard in Resources */,
				99E66D2921DE88BA00C6E3E1 /* Localizable.strings in Resources */,
				997DBC71219965DB0080F42C /* HourCollectionViewCell.xib in Resources */,
				9955BC3F215588DB008DAF8E /* CreateServiceLocationCell.xib in Resources */,
				998D3AED21DDCF5C003DD717 /* ReviewCell.xib in Resources */,
				9942547D2157F8290075EDCA /* SelectMechanicViewController.storyboard in Resources */,
				9955BC3121556566008DAF8E /* ServicesViewController.storyboard in Resources */,
				997714C521CCE35800E54F5B /* PricePartView.xib in Resources */,
				99116906215B76B6001E039E /* AddVehicleCell.xib in Resources */,
				9942547B2157F7B30075EDCA /* CreateServicePriceCell.xib in Resources */,
				9943C174215B6C69003C2BE9 /* VehicleCell.xib in Resources */,
				994254792157F7980075EDCA /* CreateServiceMechanicCell.xib in Resources */,
				99E66DA621E294AE00C6E3E1 /* ProfileHeaderView.xib in Resources */,
				9955BC2D21556527008DAF8E /* ProfileViewController.storyboard in Resources */,
				997DBC622198FBC90080F42C /* lehi.gpx in Resources */,
				99FEAFF9215DE3C00009BC07 /* CreateServiceOilTypeCell.xib in Resources */,
				997DBC43218EBD210080F42C /* MechanicSelectCell.xib in Resources */,
				9942547A2157F7AF0075EDCA /* CreateServiceVehicleCell.xib in Resources */,
				990F4373214252C600E65FC1 /* Main.storyboard in Resources */,
				991C9FC92215486A004B9C15 /* PhoneNumberViewController.storyboard in Resources */,
				997DBC562197580B0080F42C /* UserNameViewController.storyboard in Resources */,
				99FEB004215DE4770009BC07 /* SelectOilTypeViewController.storyboard in Resources */,
			);
			runOnlyForDeploymentPostprocessing = 0;
		};
		990F437F214252C700E65FC1 /* Resources */ = {
			isa = PBXResourcesBuildPhase;
			buildActionMask = 2147483647;
			files = (
			);
			runOnlyForDeploymentPostprocessing = 0;
		};
		990F438A214252C700E65FC1 /* Resources */ = {
			isa = PBXResourcesBuildPhase;
			buildActionMask = 2147483647;
			files = (
			);
			runOnlyForDeploymentPostprocessing = 0;
		};
/* End PBXResourcesBuildPhase section */

/* Begin PBXShellScriptBuildPhase section */
		995AB47C216A902500EBD8C0 /* ShellScript */ = {
			isa = PBXShellScriptBuildPhase;
			buildActionMask = 12;
			files = (
			);
			inputFileListPaths = (
			);
			inputPaths = (
				"$(SRCROOT)/Carthage/Build/iOS/NetworkRequest.framework",
				"$(SRCROOT)/Carthage/Build/iOS/Authentication.framework",
				"$(SRCROOT)/Carthage/Build/iOS/KeychainAccess.framework",
				"$(SRCROOT)/Carthage/Build/iOS/CarSwaddleNetworkRequest.framework",
				"$(SRCROOT)/Carthage/Build/iOS/Store.framework",
				"$(SRCROOT)/Carthage/Build/iOS/CarSwaddleUI.framework",
				"$(SRCROOT)/Carthage/Build/iOS/CarSwaddleData.framework",
				"$(SRCROOT)/Carthage/Build/iOS/Stripe.framework",
				"$(SRCROOT)/Carthage/Build/iOS/Cosmos.framework",
				"$(SRCROOT)/Carthage/Build/iOS/Lottie.framework",
			);
			outputFileListPaths = (
			);
			outputPaths = (
				"$(BUILT_PRODUCTS_DIR)/$(FRAMEWORKS_FOLDER_PATH)/NetworkRequest.framework",
				"$(BUILT_PRODUCTS_DIR)/$(FRAMEWORKS_FOLDER_PATH)/Authentication.framework",
				"$(BUILT_PRODUCTS_DIR)/$(FRAMEWORKS_FOLDER_PATH)/KeychainAccess.framework",
				"$(BUILT_PRODUCTS_DIR)/$(FRAMEWORKS_FOLDER_PATH)/CarSwaddleNetworkRequest.framework",
				"$(BUILT_PRODUCTS_DIR)/$(FRAMEWORKS_FOLDER_PATH)/Store.framework",
				"$(BUILT_PRODUCTS_DIR)/$(FRAMEWORKS_FOLDER_PATH)/CarSwaddleUI.framework",
				"$(BUILT_PRODUCTS_DIR)/$(FRAMEWORKS_FOLDER_PATH)/CarSwaddleData.framework",
				"$(BUILT_PRODUCTS_DIR)/$(FRAMEWORKS_FOLDER_PATH)/Stripe.framework",
				"$(BUILT_PRODUCTS_DIR)/$(FRAMEWORKS_FOLDER_PATH)/Cosmos.framework",
				"$(BUILT_PRODUCTS_DIR)/$(FRAMEWORKS_FOLDER_PATH)/Lottie.framework",
			);
			runOnlyForDeploymentPostprocessing = 0;
			shellPath = /bin/sh;
			shellScript = "/usr/local/bin/carthage copy-frameworks\n";
		};
/* End PBXShellScriptBuildPhase section */

/* Begin PBXSourcesBuildPhase section */
		990F4366214252C600E65FC1 /* Sources */ = {
			isa = PBXSourcesBuildPhase;
			buildActionMask = 2147483647;
			files = (
				994CA9F7215206CD00D41F6C /* LoginViewController.swift in Sources */,
				992BFDD122056B8B006B64CC /* Logout.swift in Sources */,
				995B9F242154B4380030A7CA /* GlobalImports.swift in Sources */,
				9942546B21577B6C0075EDCA /* SelectMechanicViewController.swift in Sources */,
				998D3AE721DDCC49003DD717 /* AutoServiceDetailsViewController.swift in Sources */,
				9955BC2F21556554008DAF8E /* ServicesViewController.swift in Sources */,
				9955BC2421555D62008DAF8E /* Navigator.swift in Sources */,
				997DBC7621997E370080F42C /* DateExtension.swift in Sources */,
				997714C721CCF5BC00E54F5B /* Stripe.swift in Sources */,
				990F4370214252C600E65FC1 /* ViewController.swift in Sources */,
				99E66DA821E2963A00C6E3E1 /* UserImageView.swift in Sources */,
				990F436E214252C600E65FC1 /* AppDelegate.swift in Sources */,
				99A2CDAE218DA179003ED903 /* ServiceRequest.swift in Sources */,
				99425447215762750075EDCA /* CreateServiceVehicleCell.swift in Sources */,
				9942544A215762A10075EDCA /* CreateServiceMechanicCell.swift in Sources */,
				998D3AEC21DDCF5C003DD717 /* ReviewCell.swift in Sources */,
				99FEB006215DEECB0009BC07 /* OilTypeCell.swift in Sources */,
				997DBC42218EBD210080F42C /* MechanicSelectCell.swift in Sources */,
				99E66DA421E294A600C6E3E1 /* ProfileHeaderView.swift in Sources */,
				99FEB002215DE46A0009BC07 /* SelectOilTypeViewController.swift in Sources */,
				99FEAFF8215DE3C00009BC07 /* CreateServiceOilTypeCell.swift in Sources */,
				99116905215B76B6001E039E /* AddVehicleCell.swift in Sources */,
				9942547121577B730075EDCA /* SelectLocationViewController.swift in Sources */,
				991C9FC52213E3E2004B9C15 /* VerifyPhoneNumberViewController.swift in Sources */,
				997DBC72219965E80080F42C /* HourCollectionViewCell.swift in Sources */,
				997DBC6A21995ECE0080F42C /* MechanicDayAvailabilityView.swift in Sources */,
				9943BCE521EF226400D553F6 /* MechanicImageView.swift in Sources */,
				998D3AF021DDCF6A003DD717 /* TableViewCell.swift in Sources */,
				997DBC512197575A0080F42C /* UserNameViewController.swift in Sources */,
				997DBCA121B79E620080F42C /* AutoServiceCell.swift in Sources */,
				997714C321CCE2C700E54F5B /* PricePartView.swift in Sources */,
				9955BC2B2155650C008DAF8E /* ProfileViewController.swift in Sources */,
				992BFDCF22056B10006B64CC /* TweakValues.swift in Sources */,
				9955BC3E215588DB008DAF8E /* CreateServiceLocationCell.swift in Sources */,
				994254522157691A0075EDCA /* CreateServiceCell.swift in Sources */,
				9955BC3521557305008DAF8E /* CreateServiceViewController.swift in Sources */,
				997DBCA821BA605A0080F42C /* PushNotificationController.swift in Sources */,
				9943C173215B6C69003C2BE9 /* VehicleCell.swift in Sources */,
				9955BC1A2154E8DC008DAF8E /* UsersViewController.swift in Sources */,
				991C9FC72215485D004B9C15 /* PhoneNumberViewController.swift in Sources */,
				9942546D21577B6E0075EDCA /* SelectVehicleViewController.swift in Sources */,
				99DED710214B7EBC0061CFE0 /* Store.swift in Sources */,
				997DBC7421997E020080F42C /* TimeIntervalExtension.swift in Sources */,
				994CA9FC215208BD00D41F6C /* SignUpViewController.swift in Sources */,
				99425466215778DD0075EDCA /* Defaults.swift in Sources */,
				9942544D215762C50075EDCA /* CreateServicePriceCell.swift in Sources */,
				993BA12621585ACA00DB95EF /* LocationManager.swift in Sources */,
				997DBC6621995B320080F42C /* MechanicViewController.swift in Sources */,
				9955BC29215563F8008DAF8E /* UIFontExtension.swift in Sources */,
			);
			runOnlyForDeploymentPostprocessing = 0;
		};
		990F437D214252C700E65FC1 /* Sources */ = {
			isa = PBXSourcesBuildPhase;
			buildActionMask = 2147483647;
			files = (
				990F4386214252C700E65FC1 /* CarSwaddleTests.swift in Sources */,
			);
			runOnlyForDeploymentPostprocessing = 0;
		};
		990F4388214252C700E65FC1 /* Sources */ = {
			isa = PBXSourcesBuildPhase;
			buildActionMask = 2147483647;
			files = (
			);
			runOnlyForDeploymentPostprocessing = 0;
		};
/* End PBXSourcesBuildPhase section */

/* Begin PBXTargetDependency section */
		990F4383214252C700E65FC1 /* PBXTargetDependency */ = {
			isa = PBXTargetDependency;
			target = 990F4369214252C600E65FC1 /* CarSwaddle */;
			targetProxy = 990F4382214252C700E65FC1 /* PBXContainerItemProxy */;
		};
		990F438E214252C700E65FC1 /* PBXTargetDependency */ = {
			isa = PBXTargetDependency;
			target = 990F4369214252C600E65FC1 /* CarSwaddle */;
			targetProxy = 990F438D214252C700E65FC1 /* PBXContainerItemProxy */;
		};
/* End PBXTargetDependency section */

/* Begin PBXVariantGroup section */
		990F4371214252C600E65FC1 /* Main.storyboard */ = {
			isa = PBXVariantGroup;
			children = (
				990F4372214252C600E65FC1 /* Base */,
			);
			name = Main.storyboard;
			sourceTree = "<group>";
		};
		990F4379214252C700E65FC1 /* LaunchScreen.storyboard */ = {
			isa = PBXVariantGroup;
			children = (
				990F437A214252C700E65FC1 /* Base */,
			);
			name = LaunchScreen.storyboard;
			sourceTree = "<group>";
		};
/* End PBXVariantGroup section */

/* Begin XCBuildConfiguration section */
		990F4393214252C700E65FC1 /* Debug */ = {
			isa = XCBuildConfiguration;
			buildSettings = {
				ALWAYS_SEARCH_USER_PATHS = NO;
				CLANG_ANALYZER_NONNULL = YES;
				CLANG_ANALYZER_NUMBER_OBJECT_CONVERSION = YES_AGGRESSIVE;
				CLANG_CXX_LANGUAGE_STANDARD = "gnu++14";
				CLANG_CXX_LIBRARY = "libc++";
				CLANG_ENABLE_MODULES = YES;
				CLANG_ENABLE_OBJC_ARC = YES;
				CLANG_ENABLE_OBJC_WEAK = YES;
				CLANG_WARN_BLOCK_CAPTURE_AUTORELEASING = YES;
				CLANG_WARN_BOOL_CONVERSION = YES;
				CLANG_WARN_COMMA = YES;
				CLANG_WARN_CONSTANT_CONVERSION = YES;
				CLANG_WARN_DEPRECATED_OBJC_IMPLEMENTATIONS = YES;
				CLANG_WARN_DIRECT_OBJC_ISA_USAGE = YES_ERROR;
				CLANG_WARN_DOCUMENTATION_COMMENTS = YES;
				CLANG_WARN_EMPTY_BODY = YES;
				CLANG_WARN_ENUM_CONVERSION = YES;
				CLANG_WARN_INFINITE_RECURSION = YES;
				CLANG_WARN_INT_CONVERSION = YES;
				CLANG_WARN_NON_LITERAL_NULL_CONVERSION = YES;
				CLANG_WARN_OBJC_IMPLICIT_RETAIN_SELF = YES;
				CLANG_WARN_OBJC_LITERAL_CONVERSION = YES;
				CLANG_WARN_OBJC_ROOT_CLASS = YES_ERROR;
				CLANG_WARN_RANGE_LOOP_ANALYSIS = YES;
				CLANG_WARN_STRICT_PROTOTYPES = YES;
				CLANG_WARN_SUSPICIOUS_MOVE = YES;
				CLANG_WARN_UNGUARDED_AVAILABILITY = YES_AGGRESSIVE;
				CLANG_WARN_UNREACHABLE_CODE = YES;
				CLANG_WARN__DUPLICATE_METHOD_MATCH = YES;
				CODE_SIGN_IDENTITY = "iPhone Developer";
				COPY_PHASE_STRIP = NO;
				DEBUG_INFORMATION_FORMAT = dwarf;
				ENABLE_STRICT_OBJC_MSGSEND = YES;
				ENABLE_TESTABILITY = YES;
				FRAMEWORK_SEARCH_PATHS = "";
				GCC_C_LANGUAGE_STANDARD = gnu11;
				GCC_DYNAMIC_NO_PIC = NO;
				GCC_NO_COMMON_BLOCKS = YES;
				GCC_OPTIMIZATION_LEVEL = 0;
				GCC_PREPROCESSOR_DEFINITIONS = (
					"DEBUG=1",
					"$(inherited)",
				);
				GCC_WARN_64_TO_32_BIT_CONVERSION = YES;
				GCC_WARN_ABOUT_RETURN_TYPE = YES_ERROR;
				GCC_WARN_UNDECLARED_SELECTOR = YES;
				GCC_WARN_UNINITIALIZED_AUTOS = YES_AGGRESSIVE;
				GCC_WARN_UNUSED_FUNCTION = YES;
				GCC_WARN_UNUSED_VARIABLE = YES;
				IPHONEOS_DEPLOYMENT_TARGET = 12.0;
				MTL_ENABLE_DEBUG_INFO = INCLUDE_SOURCE;
				MTL_FAST_MATH = YES;
				ONLY_ACTIVE_ARCH = YES;
				SDKROOT = iphoneos;
				SWIFT_ACTIVE_COMPILATION_CONDITIONS = DEBUG;
				SWIFT_OPTIMIZATION_LEVEL = "-Onone";
			};
			name = Debug;
		};
		990F4394214252C700E65FC1 /* Release */ = {
			isa = XCBuildConfiguration;
			buildSettings = {
				ALWAYS_SEARCH_USER_PATHS = NO;
				CLANG_ANALYZER_NONNULL = YES;
				CLANG_ANALYZER_NUMBER_OBJECT_CONVERSION = YES_AGGRESSIVE;
				CLANG_CXX_LANGUAGE_STANDARD = "gnu++14";
				CLANG_CXX_LIBRARY = "libc++";
				CLANG_ENABLE_MODULES = YES;
				CLANG_ENABLE_OBJC_ARC = YES;
				CLANG_ENABLE_OBJC_WEAK = YES;
				CLANG_WARN_BLOCK_CAPTURE_AUTORELEASING = YES;
				CLANG_WARN_BOOL_CONVERSION = YES;
				CLANG_WARN_COMMA = YES;
				CLANG_WARN_CONSTANT_CONVERSION = YES;
				CLANG_WARN_DEPRECATED_OBJC_IMPLEMENTATIONS = YES;
				CLANG_WARN_DIRECT_OBJC_ISA_USAGE = YES_ERROR;
				CLANG_WARN_DOCUMENTATION_COMMENTS = YES;
				CLANG_WARN_EMPTY_BODY = YES;
				CLANG_WARN_ENUM_CONVERSION = YES;
				CLANG_WARN_INFINITE_RECURSION = YES;
				CLANG_WARN_INT_CONVERSION = YES;
				CLANG_WARN_NON_LITERAL_NULL_CONVERSION = YES;
				CLANG_WARN_OBJC_IMPLICIT_RETAIN_SELF = YES;
				CLANG_WARN_OBJC_LITERAL_CONVERSION = YES;
				CLANG_WARN_OBJC_ROOT_CLASS = YES_ERROR;
				CLANG_WARN_RANGE_LOOP_ANALYSIS = YES;
				CLANG_WARN_STRICT_PROTOTYPES = YES;
				CLANG_WARN_SUSPICIOUS_MOVE = YES;
				CLANG_WARN_UNGUARDED_AVAILABILITY = YES_AGGRESSIVE;
				CLANG_WARN_UNREACHABLE_CODE = YES;
				CLANG_WARN__DUPLICATE_METHOD_MATCH = YES;
				CODE_SIGN_IDENTITY = "iPhone Developer";
				COPY_PHASE_STRIP = NO;
				DEBUG_INFORMATION_FORMAT = "dwarf-with-dsym";
				ENABLE_NS_ASSERTIONS = NO;
				ENABLE_STRICT_OBJC_MSGSEND = YES;
				FRAMEWORK_SEARCH_PATHS = "";
				GCC_C_LANGUAGE_STANDARD = gnu11;
				GCC_NO_COMMON_BLOCKS = YES;
				GCC_WARN_64_TO_32_BIT_CONVERSION = YES;
				GCC_WARN_ABOUT_RETURN_TYPE = YES_ERROR;
				GCC_WARN_UNDECLARED_SELECTOR = YES;
				GCC_WARN_UNINITIALIZED_AUTOS = YES_AGGRESSIVE;
				GCC_WARN_UNUSED_FUNCTION = YES;
				GCC_WARN_UNUSED_VARIABLE = YES;
				IPHONEOS_DEPLOYMENT_TARGET = 12.0;
				MTL_ENABLE_DEBUG_INFO = NO;
				MTL_FAST_MATH = YES;
				SDKROOT = iphoneos;
				SWIFT_COMPILATION_MODE = wholemodule;
				SWIFT_OPTIMIZATION_LEVEL = "-O";
				VALIDATE_PRODUCT = YES;
			};
			name = Release;
		};
		990F4396214252C700E65FC1 /* Debug */ = {
			isa = XCBuildConfiguration;
			buildSettings = {
				ASSETCATALOG_COMPILER_APPICON_NAME = AppIcon;
				CODE_SIGN_ENTITLEMENTS = CarSwaddle/Support/CarSwaddle.entitlements;
				CODE_SIGN_IDENTITY = "iPhone Developer";
				CODE_SIGN_STYLE = Automatic;
				DEVELOPMENT_TEAM = MG7WLQ6J4A;
				FRAMEWORK_SEARCH_PATHS = (
					"$(inherited)",
					"$(PROJECT_DIR)/Carthage/Build/iOS",
					"$(SRCROOT)/Carthage/Build/iOS/",
					"$(PROJECT_DIR)/Carthage/Build/iOS/Static",
					"$(PROJECT_DIR)",
				);
				INFOPLIST_FILE = CarSwaddle/Support/Info.plist;
				IPHONEOS_DEPLOYMENT_TARGET = 12.0;
				LD_RUNPATH_SEARCH_PATHS = (
					"$(inherited)",
					"@executable_path/Frameworks",
					"$(SRCROOT)/Carthage/Build/iOS",
				);
				PRODUCT_BUNDLE_IDENTIFIER = CS.CarSwaddle;
				PRODUCT_NAME = "$(TARGET_NAME)";
				PROVISIONING_PROFILE_SPECIFIER = "";
				SWIFT_OBJC_BRIDGING_HEADER = "CarSwaddle/Support/CarSwaddle-Bridging-Header.h";
				SWIFT_VERSION = 4.2;
				TARGETED_DEVICE_FAMILY = "1,2";
			};
			name = Debug;
		};
		990F4397214252C700E65FC1 /* Release */ = {
			isa = XCBuildConfiguration;
			buildSettings = {
				ASSETCATALOG_COMPILER_APPICON_NAME = AppIcon;
				CODE_SIGN_ENTITLEMENTS = CarSwaddle/Support/CarSwaddle.entitlements;
				CODE_SIGN_IDENTITY = "iPhone Developer";
				CODE_SIGN_STYLE = Automatic;
				DEVELOPMENT_TEAM = MG7WLQ6J4A;
				FRAMEWORK_SEARCH_PATHS = (
					"$(inherited)",
					"$(PROJECT_DIR)/Carthage/Build/iOS",
					"$(SRCROOT)/Carthage/Build/iOS/",
					"$(PROJECT_DIR)/Carthage/Build/iOS/Static",
					"$(PROJECT_DIR)",
				);
				INFOPLIST_FILE = CarSwaddle/Support/Info.plist;
				IPHONEOS_DEPLOYMENT_TARGET = 12.0;
				LD_RUNPATH_SEARCH_PATHS = (
					"$(inherited)",
					"@executable_path/Frameworks",
					"$(SRCROOT)/Carthage/Build/iOS",
				);
				PRODUCT_BUNDLE_IDENTIFIER = CS.CarSwaddle;
				PRODUCT_NAME = "$(TARGET_NAME)";
				PROVISIONING_PROFILE_SPECIFIER = "";
				SWIFT_OBJC_BRIDGING_HEADER = "CarSwaddle/Support/CarSwaddle-Bridging-Header.h";
				SWIFT_VERSION = 4.2;
				TARGETED_DEVICE_FAMILY = "1,2";
			};
			name = Release;
		};
		990F4399214252C700E65FC1 /* Debug */ = {
			isa = XCBuildConfiguration;
			buildSettings = {
				ALWAYS_EMBED_SWIFT_STANDARD_LIBRARIES = YES;
				BUNDLE_LOADER = "$(TEST_HOST)";
				CODE_SIGN_STYLE = Automatic;
				DEVELOPMENT_TEAM = MG7WLQ6J4A;
				INFOPLIST_FILE = CarSwaddleTests/Info.plist;
				LD_RUNPATH_SEARCH_PATHS = (
					"$(inherited)",
					"@executable_path/Frameworks",
					"@loader_path/Frameworks",
				);
				PRODUCT_BUNDLE_IDENTIFIER = CS.CarSwaddleTests;
				PRODUCT_NAME = "$(TARGET_NAME)";
				SWIFT_VERSION = 4.2;
				TARGETED_DEVICE_FAMILY = "1,2";
				TEST_HOST = "$(BUILT_PRODUCTS_DIR)/CarSwaddle.app/CarSwaddle";
			};
			name = Debug;
		};
		990F439A214252C700E65FC1 /* Release */ = {
			isa = XCBuildConfiguration;
			buildSettings = {
				ALWAYS_EMBED_SWIFT_STANDARD_LIBRARIES = YES;
				BUNDLE_LOADER = "$(TEST_HOST)";
				CODE_SIGN_STYLE = Automatic;
				DEVELOPMENT_TEAM = MG7WLQ6J4A;
				INFOPLIST_FILE = CarSwaddleTests/Info.plist;
				LD_RUNPATH_SEARCH_PATHS = (
					"$(inherited)",
					"@executable_path/Frameworks",
					"@loader_path/Frameworks",
				);
				PRODUCT_BUNDLE_IDENTIFIER = CS.CarSwaddleTests;
				PRODUCT_NAME = "$(TARGET_NAME)";
				SWIFT_VERSION = 4.2;
				TARGETED_DEVICE_FAMILY = "1,2";
				TEST_HOST = "$(BUILT_PRODUCTS_DIR)/CarSwaddle.app/CarSwaddle";
			};
			name = Release;
		};
		990F439C214252C700E65FC1 /* Debug */ = {
			isa = XCBuildConfiguration;
			buildSettings = {
				ALWAYS_EMBED_SWIFT_STANDARD_LIBRARIES = YES;
				CODE_SIGN_STYLE = Automatic;
				DEVELOPMENT_TEAM = MG7WLQ6J4A;
				INFOPLIST_FILE = CarSwaddleUITests/Info.plist;
				LD_RUNPATH_SEARCH_PATHS = (
					"$(inherited)",
					"@executable_path/Frameworks",
					"@loader_path/Frameworks",
				);
				PRODUCT_BUNDLE_IDENTIFIER = CS.CarSwaddleUITests;
				PRODUCT_NAME = "$(TARGET_NAME)";
				SWIFT_VERSION = 4.2;
				TARGETED_DEVICE_FAMILY = "1,2";
				TEST_TARGET_NAME = CarSwaddle;
			};
			name = Debug;
		};
		990F439D214252C700E65FC1 /* Release */ = {
			isa = XCBuildConfiguration;
			buildSettings = {
				ALWAYS_EMBED_SWIFT_STANDARD_LIBRARIES = YES;
				CODE_SIGN_STYLE = Automatic;
				DEVELOPMENT_TEAM = MG7WLQ6J4A;
				INFOPLIST_FILE = CarSwaddleUITests/Info.plist;
				LD_RUNPATH_SEARCH_PATHS = (
					"$(inherited)",
					"@executable_path/Frameworks",
					"@loader_path/Frameworks",
				);
				PRODUCT_BUNDLE_IDENTIFIER = CS.CarSwaddleUITests;
				PRODUCT_NAME = "$(TARGET_NAME)";
				SWIFT_VERSION = 4.2;
				TARGETED_DEVICE_FAMILY = "1,2";
				TEST_TARGET_NAME = CarSwaddle;
			};
			name = Release;
		};
/* End XCBuildConfiguration section */

/* Begin XCConfigurationList section */
		990F4365214252C600E65FC1 /* Build configuration list for PBXProject "CarSwaddle" */ = {
			isa = XCConfigurationList;
			buildConfigurations = (
				990F4393214252C700E65FC1 /* Debug */,
				990F4394214252C700E65FC1 /* Release */,
			);
			defaultConfigurationIsVisible = 0;
			defaultConfigurationName = Release;
		};
		990F4395214252C700E65FC1 /* Build configuration list for PBXNativeTarget "CarSwaddle" */ = {
			isa = XCConfigurationList;
			buildConfigurations = (
				990F4396214252C700E65FC1 /* Debug */,
				990F4397214252C700E65FC1 /* Release */,
			);
			defaultConfigurationIsVisible = 0;
			defaultConfigurationName = Release;
		};
		990F4398214252C700E65FC1 /* Build configuration list for PBXNativeTarget "CarSwaddleTests" */ = {
			isa = XCConfigurationList;
			buildConfigurations = (
				990F4399214252C700E65FC1 /* Debug */,
				990F439A214252C700E65FC1 /* Release */,
			);
			defaultConfigurationIsVisible = 0;
			defaultConfigurationName = Release;
		};
		990F439B214252C700E65FC1 /* Build configuration list for PBXNativeTarget "CarSwaddleUITests" */ = {
			isa = XCConfigurationList;
			buildConfigurations = (
				990F439C214252C700E65FC1 /* Debug */,
				990F439D214252C700E65FC1 /* Release */,
			);
			defaultConfigurationIsVisible = 0;
			defaultConfigurationName = Release;
		};
/* End XCConfigurationList section */
	};
	rootObject = 990F4362214252C600E65FC1 /* Project object */;
}
