{
  "object": {
    "pins": [
      {
        "package": "abseil",
        "repositoryURL": "https://github.com/firebase/abseil-cpp.git",
        "state": {
          "branch": null,
          "revision": "d30bd7751ce343a05fca6413de0dec062163e5e9",
          "version": null
        }
      },
      {
        "package": "Authentication",
        "repositoryURL": "https://github.com/Car-Swaddle/Authentication",
        "state": {
          "branch": "master",
          "revision": "97d02cf8334ae4d3a61c717d2acd802cc5df8cdf",
          "version": null
        }
      },
      {
        "package": "BoringSSL-GRPC",
        "repositoryURL": "https://github.com/firebase/boringssl.git",
        "state": {
          "branch": null,
          "revision": "897ffb6fbb5a5ea149216d664ce8b04d77e3df22",
          "version": null
        }
      },
      {
        "package": "CarSwaddleStore",
        "repositoryURL": "https://github.com/Car-Swaddle/CarSwaddleStore",
        "state": {
          "branch": "master",
          "revision": "54fd207c5e641fa08655b8f7dbe7e75fd555b883",
          "version": null
        }
      },
      {
        "package": "CarSwaddleUI",
        "repositoryURL": "https://github.com/Car-Swaddle/CarSwaddleUI",
        "state": {
          "branch": "master",
          "revision": "1269ea6ebd34e0dbd0a68cf5ddda464ed3c3e0bc",
          "version": null
        }
      },
      {
        "package": "Cosmos",
        "repositoryURL": "https://github.com/evgenyneu/Cosmos.git",
        "state": {
          "branch": null,
          "revision": "9295433932eb3fc3620e620f103de5de1f2e0f23",
          "version": "22.1.0"
        }
      },
      {
        "package": "Disk",
        "repositoryURL": "https://github.com/saoudrizwan/Disk.git",
        "state": {
          "branch": null,
          "revision": "b0cb4fdf23e51849cc2460bdc6de795c3bcca99d",
          "version": "0.6.4"
        }
      },
      {
        "package": "Firebase",
        "repositoryURL": "https://github.com/firebase/firebase-ios-sdk.git",
        "state": {
          "branch": "6.31-spm-beta",
          "revision": "a4020c5dfc447183aebd9daac2708db266aa2929",
          "version": null
        }
      },
      {
        "package": "gRPC",
        "repositoryURL": "https://github.com/firebase/grpc.git",
        "state": {
          "branch": null,
          "revision": "cae939a8823bbc39912aa2990cf95e29ace381b3",
          "version": null
        }
      },
      {
        "package": "GTMSessionFetcher",
        "repositoryURL": "https://github.com/google/gtm-session-fetcher.git",
        "state": {
          "branch": null,
          "revision": "91ed3d188eb95705fef3c249453b81f32dc557d1",
          "version": "1.5.0"
        }
      },
      {
        "package": "KeychainAccess",
        "repositoryURL": "https://github.com/kishikawakatsumi/KeychainAccess.git",
        "state": {
          "branch": null,
          "revision": "84e546727d66f1adc5439debad16270d0fdd04e7",
          "version": "4.2.2"
        }
      },
      {
        "package": "leveldb",
        "repositoryURL": "https://github.com/firebase/leveldb.git",
        "state": {
          "branch": null,
          "revision": "3f046978ecffd57ea6eb9a0897cc8a3b45b44df8",
          "version": null
        }
      },
      {
        "package": "Lottie",
        "repositoryURL": "https://github.com/airbnb/lottie-ios.git",
        "state": {
          "branch": null,
          "revision": "b3c60ba1716baab6faeeb217d8ce1da336f92718",
          "version": "3.2.1"
        }
      },
      {
        "package": "nanopb",
        "repositoryURL": "https://github.com/nanopb/nanopb.git",
        "state": {
          "branch": null,
          "revision": "3cfa21200eea012d8765239ad4c50d8a36c283f1",
          "version": null
        }
      },
      {
        "package": "NetworkRequest",
        "repositoryURL": "https://github.com/Car-Swaddle/NetworkRequest.git",
        "state": {
          "branch": "master",
          "revision": "f146efcf6d0b6b877806b4cd8c04d58f53b3161b",
          "version": null
        }
      },
      {
        "package": "Promises",
        "repositoryURL": "https://github.com/google/promises.git",
        "state": {
          "branch": null,
          "revision": "afa9a1ace74e116848d4f743599ab83e584ff8cb",
          "version": "1.2.12"
        }
      },
      {
        "package": "Stripe",
        "repositoryURL": "https://github.com/stripe/stripe-ios.git",
        "state": {
          "branch": null,
          "revision": "8ca9931984949fbce44c342d5cecdada03cda18f",
          "version": "21.6.0"
        }
      }
    ]
  },
  "version": 1
}
