// !$*UTF8*$!
{
	archiveVersion = 1;
	classes = {
	};
	objectVersion = 50;
	objects = {

/* Begin PBXBuildFile section */
		9905FF50230D3EC800DFBCB9 /* OilChangePricing+CoreDataClass.swift in Sources */ = {isa = PBXBuildFile; fileRef = 9905FF4E230D3EC800DFBCB9 /* OilChangePricing+CoreDataClass.swift */; };
		9905FF51230D3EC800DFBCB9 /* OilChangePricing+CoreDataProperties.swift in Sources */ = {isa = PBXBuildFile; fileRef = 9905FF4F230D3EC800DFBCB9 /* OilChangePricing+CoreDataProperties.swift */; };
		9913759A217080D900F15BEC /* CarSwaddleStore.xcdatamodeld in Sources */ = {isa = PBXBuildFile; fileRef = 99137598217080D800F15BEC /* CarSwaddleStore.xcdatamodeld */; };
		991B4029216ADC5D00D7644D /* VehicleDescription+CoreDataClass.swift in Sources */ = {isa = PBXBuildFile; fileRef = 991B4015216ADC5C00D7644D /* VehicleDescription+CoreDataClass.swift */; };
		991B402A216ADC5D00D7644D /* Location+CoreDataProperties.swift in Sources */ = {isa = PBXBuildFile; fileRef = 991B4016216ADC5C00D7644D /* Location+CoreDataProperties.swift */; };
		991B402B216ADC5D00D7644D /* PricePart+CoreDataClass.swift in Sources */ = {isa = PBXBuildFile; fileRef = 991B4017216ADC5C00D7644D /* PricePart+CoreDataClass.swift */; };
		991B402C216ADC5D00D7644D /* Mechanic+CoreDataClass.swift in Sources */ = {isa = PBXBuildFile; fileRef = 991B4018216ADC5C00D7644D /* Mechanic+CoreDataClass.swift */; };
		991B402D216ADC5D00D7644D /* OilChange+CoreDataProperties.swift in Sources */ = {isa = PBXBuildFile; fileRef = 991B4019216ADC5C00D7644D /* OilChange+CoreDataProperties.swift */; };
		991B402E216ADC5D00D7644D /* AutoService+CoreDataClass.swift in Sources */ = {isa = PBXBuildFile; fileRef = 991B401A216ADC5C00D7644D /* AutoService+CoreDataClass.swift */; };
		991B402F216ADC5D00D7644D /* AutoService+CoreDataProperties.swift in Sources */ = {isa = PBXBuildFile; fileRef = 991B401B216ADC5C00D7644D /* AutoService+CoreDataProperties.swift */; };
		991B4030216ADC5D00D7644D /* TemplateTimeSpan+CoreDataProperties.swift in Sources */ = {isa = PBXBuildFile; fileRef = 991B401C216ADC5C00D7644D /* TemplateTimeSpan+CoreDataProperties.swift */; };
		991B4031216ADC5D00D7644D /* Location+CoreDataClass.swift in Sources */ = {isa = PBXBuildFile; fileRef = 991B401D216ADC5C00D7644D /* Location+CoreDataClass.swift */; };
		991B4032216ADC5D00D7644D /* User+CoreDataClass.swift in Sources */ = {isa = PBXBuildFile; fileRef = 991B401E216ADC5C00D7644D /* User+CoreDataClass.swift */; };
		991B4033216ADC5D00D7644D /* Vehicle+CoreDataProperties.swift in Sources */ = {isa = PBXBuildFile; fileRef = 991B401F216ADC5C00D7644D /* Vehicle+CoreDataProperties.swift */; };
		991B4034216ADC5D00D7644D /* OilChange+CoreDataClass.swift in Sources */ = {isa = PBXBuildFile; fileRef = 991B4020216ADC5C00D7644D /* OilChange+CoreDataClass.swift */; };
		991B4035216ADC5D00D7644D /* Price+CoreDataClass.swift in Sources */ = {isa = PBXBuildFile; fileRef = 991B4021216ADC5C00D7644D /* Price+CoreDataClass.swift */; };
		991B4036216ADC5D00D7644D /* VehicleDescription+CoreDataProperties.swift in Sources */ = {isa = PBXBuildFile; fileRef = 991B4022216ADC5C00D7644D /* VehicleDescription+CoreDataProperties.swift */; };
		991B4037216ADC5D00D7644D /* PricePart+CoreDataProperties.swift in Sources */ = {isa = PBXBuildFile; fileRef = 991B4023216ADC5C00D7644D /* PricePart+CoreDataProperties.swift */; };
		991B4038216ADC5D00D7644D /* Mechanic+CoreDataProperties.swift in Sources */ = {isa = PBXBuildFile; fileRef = 991B4024216ADC5C00D7644D /* Mechanic+CoreDataProperties.swift */; };
		991B4039216ADC5D00D7644D /* Price+CoreDataProperties.swift in Sources */ = {isa = PBXBuildFile; fileRef = 991B4025216ADC5C00D7644D /* Price+CoreDataProperties.swift */; };
		991B403A216ADC5D00D7644D /* Vehicle+CoreDataClass.swift in Sources */ = {isa = PBXBuildFile; fileRef = 991B4026216ADC5C00D7644D /* Vehicle+CoreDataClass.swift */; };
		991B403B216ADC5D00D7644D /* TemplateTimeSpan+CoreDataClass.swift in Sources */ = {isa = PBXBuildFile; fileRef = 991B4027216ADC5D00D7644D /* TemplateTimeSpan+CoreDataClass.swift */; };
		991B403C216ADC5D00D7644D /* User+CoreDataProperties.swift in Sources */ = {isa = PBXBuildFile; fileRef = 991B4028216ADC5D00D7644D /* User+CoreDataProperties.swift */; };
		992BFDD82208020E006B64CC /* TransactionReceipt+CoreDataClass.swift in Sources */ = {isa = PBXBuildFile; fileRef = 992BFDD42208020E006B64CC /* TransactionReceipt+CoreDataClass.swift */; };
		992BFDD92208020E006B64CC /* TransactionReceipt+CoreDataProperties.swift in Sources */ = {isa = PBXBuildFile; fileRef = 992BFDD52208020E006B64CC /* TransactionReceipt+CoreDataProperties.swift */; };
		992BFDDA2208020E006B64CC /* TransactionMetadata+CoreDataClass.swift in Sources */ = {isa = PBXBuildFile; fileRef = 992BFDD62208020E006B64CC /* TransactionMetadata+CoreDataClass.swift */; };
		992BFDDB2208020E006B64CC /* TransactionMetadata+CoreDataProperties.swift in Sources */ = {isa = PBXBuildFile; fileRef = 992BFDD72208020E006B64CC /* TransactionMetadata+CoreDataProperties.swift */; };
		992BFDDD22093AB8006B64CC /* TransactionTests.swift in Sources */ = {isa = PBXBuildFile; fileRef = 992BFDDC22093AB8006B64CC /* TransactionTests.swift */; };
		9942545621576DFA0075EDCA /* NSManagedObjectFetchable.swift in Sources */ = {isa = PBXBuildFile; fileRef = 9942545521576DFA0075EDCA /* NSManagedObjectFetchable.swift */; };
		99675CA721E9DC2F003C9D70 /* Amount+CoreDataClass.swift in Sources */ = {isa = PBXBuildFile; fileRef = 99675CA321E9DC2F003C9D70 /* Amount+CoreDataClass.swift */; };
		99675CA821E9DC2F003C9D70 /* Amount+CoreDataProperties.swift in Sources */ = {isa = PBXBuildFile; fileRef = 99675CA421E9DC2F003C9D70 /* Amount+CoreDataProperties.swift */; };
		99675CA921E9DC2F003C9D70 /* Balance+CoreDataClass.swift in Sources */ = {isa = PBXBuildFile; fileRef = 99675CA521E9DC2F003C9D70 /* Balance+CoreDataClass.swift */; };
		99675CAA21E9DC2F003C9D70 /* Balance+CoreDataProperties.swift in Sources */ = {isa = PBXBuildFile; fileRef = 99675CA621E9DC2F003C9D70 /* Balance+CoreDataProperties.swift */; };
		99675CAC21E9E137003C9D70 /* StripeTests.swift in Sources */ = {isa = PBXBuildFile; fileRef = 99675CAB21E9E137003C9D70 /* StripeTests.swift */; };
		99675CB721EB0059003C9D70 /* Transaction+CoreDataClass.swift in Sources */ = {isa = PBXBuildFile; fileRef = 99675CB521EB0059003C9D70 /* Transaction+CoreDataClass.swift */; };
		99675CB821EB0059003C9D70 /* Transaction+CoreDataProperties.swift in Sources */ = {isa = PBXBuildFile; fileRef = 99675CB621EB0059003C9D70 /* Transaction+CoreDataProperties.swift */; };
		997714BF21CC8F6700E54F5B /* PriceTests.swift in Sources */ = {isa = PBXBuildFile; fileRef = 997714BE21CC8F6700E54F5B /* PriceTests.swift */; };
		997DBC78219BE5D00080F42C /* TemplateTimeSpanTests.swift in Sources */ = {isa = PBXBuildFile; fileRef = 997DBC77219BE5D00080F42C /* TemplateTimeSpanTests.swift */; };
		997DBC83219FF4FC0080F42C /* ServiceEntity+CoreDataClass.swift in Sources */ = {isa = PBXBuildFile; fileRef = 997DBC81219FF4FC0080F42C /* ServiceEntity+CoreDataClass.swift */; };
		997DBC84219FF4FC0080F42C /* ServiceEntity+CoreDataProperties.swift in Sources */ = {isa = PBXBuildFile; fileRef = 997DBC82219FF4FC0080F42C /* ServiceEntity+CoreDataProperties.swift */; };
		997DBC9621A23BC30080F42C /* AutoServiceTests.swift in Sources */ = {isa = PBXBuildFile; fileRef = 997DBC9521A23BC30080F42C /* AutoServiceTests.swift */; };
		997DBCA421B8FD180080F42C /* UserTests.swift in Sources */ = {isa = PBXBuildFile; fileRef = 997DBCA321B8FD180080F42C /* UserTests.swift */; };
		997DBCA621B8FD710080F42C /* MechanicTests.swift in Sources */ = {isa = PBXBuildFile; fileRef = 997DBCA521B8FD710080F42C /* MechanicTests.swift */; };
		9989855022AC4E3B00E4B25A /* Authority+CoreDataClass.swift in Sources */ = {isa = PBXBuildFile; fileRef = 9989854A22AC4E3B00E4B25A /* Authority+CoreDataClass.swift */; };
		9989855122AC4E3B00E4B25A /* Authority+CoreDataProperties.swift in Sources */ = {isa = PBXBuildFile; fileRef = 9989854B22AC4E3B00E4B25A /* Authority+CoreDataProperties.swift */; };
		9989855222AC4E3B00E4B25A /* AuthorityConfirmation+CoreDataClass.swift in Sources */ = {isa = PBXBuildFile; fileRef = 9989854C22AC4E3B00E4B25A /* AuthorityConfirmation+CoreDataClass.swift */; };
		9989855322AC4E3B00E4B25A /* AuthorityConfirmation+CoreDataProperties.swift in Sources */ = {isa = PBXBuildFile; fileRef = 9989854D22AC4E3B00E4B25A /* AuthorityConfirmation+CoreDataProperties.swift */; };
		9989855422AC4E3B00E4B25A /* AuthorityRequest+CoreDataClass.swift in Sources */ = {isa = PBXBuildFile; fileRef = 9989854E22AC4E3B00E4B25A /* AuthorityRequest+CoreDataClass.swift */; };
		9989855522AC4E3B00E4B25A /* AuthorityRequest+CoreDataProperties.swift in Sources */ = {isa = PBXBuildFile; fileRef = 9989854F22AC4E3B00E4B25A /* AuthorityRequest+CoreDataProperties.swift */; };
		9989855722B363BE00E4B25A /* AuthoritiesTests.swift in Sources */ = {isa = PBXBuildFile; fileRef = 9989855622B363BE00E4B25A /* AuthoritiesTests.swift */; };
		998D3AD021DC0DB0003DD717 /* Review+CoreDataClass.swift in Sources */ = {isa = PBXBuildFile; fileRef = 998D3ACE21DC0DB0003DD717 /* Review+CoreDataClass.swift */; };
		998D3AD121DC0DB0003DD717 /* Review+CoreDataProperties.swift in Sources */ = {isa = PBXBuildFile; fileRef = 998D3ACF21DC0DB0003DD717 /* Review+CoreDataProperties.swift */; };
		998D3AD321DC8483003DD717 /* ReviewTests.swift in Sources */ = {isa = PBXBuildFile; fileRef = 998D3AD221DC8483003DD717 /* ReviewTests.swift */; };
		998D3ADE21DD4565003DD717 /* Stats+CoreDataClass.swift in Sources */ = {isa = PBXBuildFile; fileRef = 998D3ADC21DD4565003DD717 /* Stats+CoreDataClass.swift */; };
		998D3ADF21DD4565003DD717 /* Stats+CoreDataProperties.swift in Sources */ = {isa = PBXBuildFile; fileRef = 998D3ADD21DD4565003DD717 /* Stats+CoreDataProperties.swift */; };
		999C8D3E218C247300058FE7 /* NSManagedObjectFetchableTests.swift in Sources */ = {isa = PBXBuildFile; fileRef = 999C8D3D218C247300058FE7 /* NSManagedObjectFetchableTests.swift */; };
		999E9194214B81C100FF894B /* Store.swift in Sources */ = {isa = PBXBuildFile; fileRef = 999E9193214B81C100FF894B /* Store.swift */; };
		99A3A87921D22871009A1AD9 /* Address+CoreDataClass.swift in Sources */ = {isa = PBXBuildFile; fileRef = 99A3A87721D22871009A1AD9 /* Address+CoreDataClass.swift */; };
		99A3A87A21D22871009A1AD9 /* Address+CoreDataProperties.swift in Sources */ = {isa = PBXBuildFile; fileRef = 99A3A87821D22871009A1AD9 /* Address+CoreDataProperties.swift */; };
		99B3FA852202E3F800D9887F /* VerificationField+CoreDataClass.swift in Sources */ = {isa = PBXBuildFile; fileRef = 99B3FA812202E3F800D9887F /* VerificationField+CoreDataClass.swift */; };
		99B3FA862202E3F800D9887F /* VerificationField+CoreDataProperties.swift in Sources */ = {isa = PBXBuildFile; fileRef = 99B3FA822202E3F800D9887F /* VerificationField+CoreDataProperties.swift */; };
		99B3FA872202E3F800D9887F /* Verification+CoreDataClass.swift in Sources */ = {isa = PBXBuildFile; fileRef = 99B3FA832202E3F800D9887F /* Verification+CoreDataClass.swift */; };
		99B3FA882202E3F800D9887F /* Verification+CoreDataProperties.swift in Sources */ = {isa = PBXBuildFile; fileRef = 99B3FA842202E3F800D9887F /* Verification+CoreDataProperties.swift */; };
		99B3FA8A2202ED5100D9887F /* VerificationTests.swift in Sources */ = {isa = PBXBuildFile; fileRef = 99B3FA892202ED5100D9887F /* VerificationTests.swift */; };
		99D156CA214F73D500BFA435 /* NSManagedObjectExtension.swift in Sources */ = {isa = PBXBuildFile; fileRef = 99D156C9214F73D500BFA435 /* NSManagedObjectExtension.swift */; };
		99D2F50922343953003750D6 /* BankAccount+CoreDataClass.swift in Sources */ = {isa = PBXBuildFile; fileRef = 99D2F50722343953003750D6 /* BankAccount+CoreDataClass.swift */; };
		99D2F50A22343953003750D6 /* BankAccount+CoreDataProperties.swift in Sources */ = {isa = PBXBuildFile; fileRef = 99D2F50822343953003750D6 /* BankAccount+CoreDataProperties.swift */; };
		99DED725214B80D40061CFE0 /* Store.framework in Frameworks */ = {isa = PBXBuildFile; fileRef = 99DED71B214B80D30061CFE0 /* Store.framework */; };
		99DED72A214B80D40061CFE0 /* StoreTests.swift in Sources */ = {isa = PBXBuildFile; fileRef = 99DED729214B80D40061CFE0 /* StoreTests.swift */; };
		99DED72C214B80D40061CFE0 /* Store.h in Headers */ = {isa = PBXBuildFile; fileRef = 99DED71E214B80D30061CFE0 /* Store.h */; settings = {ATTRIBUTES = (Public, ); }; };
		99F02786218581E5005FEFC7 /* DateExtension.swift in Sources */ = {isa = PBXBuildFile; fileRef = 99F02785218581E5005FEFC7 /* DateExtension.swift */; };
		99F027882185820F005FEFC7 /* DateExtensionTests.swift in Sources */ = {isa = PBXBuildFile; fileRef = 99F027872185820F005FEFC7 /* DateExtensionTests.swift */; };
		99F0278B21858611005FEFC7 /* Region+CoreDataClass.swift in Sources */ = {isa = PBXBuildFile; fileRef = 99F0278921858611005FEFC7 /* Region+CoreDataClass.swift */; };
		99F0278C21858611005FEFC7 /* Region+CoreDataProperties.swift in Sources */ = {isa = PBXBuildFile; fileRef = 99F0278A21858611005FEFC7 /* Region+CoreDataProperties.swift */; };
		99F0279021859E29005FEFC7 /* RegionTests.swift in Sources */ = {isa = PBXBuildFile; fileRef = 99F0278F21859E29005FEFC7 /* RegionTests.swift */; };
		99F027A0218AE51B005FEFC7 /* PrimitiveExtensions.swift in Sources */ = {isa = PBXBuildFile; fileRef = 99F0279F218AE51B005FEFC7 /* PrimitiveExtensions.swift */; };
		99F08C6D22DBDBAD00317EEA /* Coupon+CoreDataClass.swift in Sources */ = {isa = PBXBuildFile; fileRef = 99F08C6B22DBDBAD00317EEA /* Coupon+CoreDataClass.swift */; };
		99F08C6E22DBDBAD00317EEA /* Coupon+CoreDataProperties.swift in Sources */ = {isa = PBXBuildFile; fileRef = 99F08C6C22DBDBAD00317EEA /* Coupon+CoreDataProperties.swift */; };
		99F08C7022DBE65100317EEA /* CouponTests.swift in Sources */ = {isa = PBXBuildFile; fileRef = 99F08C6F22DBE65100317EEA /* CouponTests.swift */; };
		99F696B92210E8330021A719 /* TaxInfo+CoreDataClass.swift in Sources */ = {isa = PBXBuildFile; fileRef = 99F696B72210E8330021A719 /* TaxInfo+CoreDataClass.swift */; };
		99F696BA2210E8330021A719 /* TaxInfo+CoreDataProperties.swift in Sources */ = {isa = PBXBuildFile; fileRef = 99F696B82210E8330021A719 /* TaxInfo+CoreDataProperties.swift */; };
		99F7D61D21EC042C00D6B524 /* Payout+CoreDataClass.swift in Sources */ = {isa = PBXBuildFile; fileRef = 99F7D61B21EC042C00D6B524 /* Payout+CoreDataClass.swift */; };
		99F7D61E21EC042C00D6B524 /* Payout+CoreDataProperties.swift in Sources */ = {isa = PBXBuildFile; fileRef = 99F7D61C21EC042C00D6B524 /* Payout+CoreDataProperties.swift */; };
/* End PBXBuildFile section */

/* Begin PBXContainerItemProxy section */
		99DED726214B80D40061CFE0 /* PBXContainerItemProxy */ = {
			isa = PBXContainerItemProxy;
			containerPortal = 99DED712214B80D30061CFE0 /* Project object */;
			proxyType = 1;
			remoteGlobalIDString = 99DED71A214B80D30061CFE0;
			remoteInfo = Store;
		};
/* End PBXContainerItemProxy section */

/* Begin PBXFileReference section */
		9905FF4E230D3EC800DFBCB9 /* OilChangePricing+CoreDataClass.swift */ = {isa = PBXFileReference; lastKnownFileType = sourcecode.swift; path = "OilChangePricing+CoreDataClass.swift"; sourceTree = "<group>"; };
		9905FF4F230D3EC800DFBCB9 /* OilChangePricing+CoreDataProperties.swift */ = {isa = PBXFileReference; lastKnownFileType = sourcecode.swift; path = "OilChangePricing+CoreDataProperties.swift"; sourceTree = "<group>"; };
		99137599217080D800F15BEC /* CarSwaddleStore.xcdatamodel */ = {isa = PBXFileReference; lastKnownFileType = wrapper.xcdatamodel; path = CarSwaddleStore.xcdatamodel; sourceTree = "<group>"; };
		991B4015216ADC5C00D7644D /* VehicleDescription+CoreDataClass.swift */ = {isa = PBXFileReference; fileEncoding = 4; lastKnownFileType = sourcecode.swift; path = "VehicleDescription+CoreDataClass.swift"; sourceTree = "<group>"; };
		991B4016216ADC5C00D7644D /* Location+CoreDataProperties.swift */ = {isa = PBXFileReference; fileEncoding = 4; lastKnownFileType = sourcecode.swift; path = "Location+CoreDataProperties.swift"; sourceTree = "<group>"; };
		991B4017216ADC5C00D7644D /* PricePart+CoreDataClass.swift */ = {isa = PBXFileReference; fileEncoding = 4; lastKnownFileType = sourcecode.swift; path = "PricePart+CoreDataClass.swift"; sourceTree = "<group>"; };
		991B4018216ADC5C00D7644D /* Mechanic+CoreDataClass.swift */ = {isa = PBXFileReference; fileEncoding = 4; lastKnownFileType = sourcecode.swift; path = "Mechanic+CoreDataClass.swift"; sourceTree = "<group>"; };
		991B4019216ADC5C00D7644D /* OilChange+CoreDataProperties.swift */ = {isa = PBXFileReference; fileEncoding = 4; lastKnownFileType = sourcecode.swift; path = "OilChange+CoreDataProperties.swift"; sourceTree = "<group>"; };
		991B401A216ADC5C00D7644D /* AutoService+CoreDataClass.swift */ = {isa = PBXFileReference; fileEncoding = 4; lastKnownFileType = sourcecode.swift; path = "AutoService+CoreDataClass.swift"; sourceTree = "<group>"; };
		991B401B216ADC5C00D7644D /* AutoService+CoreDataProperties.swift */ = {isa = PBXFileReference; fileEncoding = 4; lastKnownFileType = sourcecode.swift; path = "AutoService+CoreDataProperties.swift"; sourceTree = "<group>"; };
		991B401C216ADC5C00D7644D /* TemplateTimeSpan+CoreDataProperties.swift */ = {isa = PBXFileReference; fileEncoding = 4; lastKnownFileType = sourcecode.swift; path = "TemplateTimeSpan+CoreDataProperties.swift"; sourceTree = "<group>"; };
		991B401D216ADC5C00D7644D /* Location+CoreDataClass.swift */ = {isa = PBXFileReference; fileEncoding = 4; lastKnownFileType = sourcecode.swift; path = "Location+CoreDataClass.swift"; sourceTree = "<group>"; };
		991B401E216ADC5C00D7644D /* User+CoreDataClass.swift */ = {isa = PBXFileReference; fileEncoding = 4; lastKnownFileType = sourcecode.swift; path = "User+CoreDataClass.swift"; sourceTree = "<group>"; };
		991B401F216ADC5C00D7644D /* Vehicle+CoreDataProperties.swift */ = {isa = PBXFileReference; fileEncoding = 4; lastKnownFileType = sourcecode.swift; path = "Vehicle+CoreDataProperties.swift"; sourceTree = "<group>"; };
		991B4020216ADC5C00D7644D /* OilChange+CoreDataClass.swift */ = {isa = PBXFileReference; fileEncoding = 4; lastKnownFileType = sourcecode.swift; path = "OilChange+CoreDataClass.swift"; sourceTree = "<group>"; };
		991B4021216ADC5C00D7644D /* Price+CoreDataClass.swift */ = {isa = PBXFileReference; fileEncoding = 4; lastKnownFileType = sourcecode.swift; path = "Price+CoreDataClass.swift"; sourceTree = "<group>"; };
		991B4022216ADC5C00D7644D /* VehicleDescription+CoreDataProperties.swift */ = {isa = PBXFileReference; fileEncoding = 4; lastKnownFileType = sourcecode.swift; path = "VehicleDescription+CoreDataProperties.swift"; sourceTree = "<group>"; };
		991B4023216ADC5C00D7644D /* PricePart+CoreDataProperties.swift */ = {isa = PBXFileReference; fileEncoding = 4; lastKnownFileType = sourcecode.swift; path = "PricePart+CoreDataProperties.swift"; sourceTree = "<group>"; };
		991B4024216ADC5C00D7644D /* Mechanic+CoreDataProperties.swift */ = {isa = PBXFileReference; fileEncoding = 4; lastKnownFileType = sourcecode.swift; path = "Mechanic+CoreDataProperties.swift"; sourceTree = "<group>"; };
		991B4025216ADC5C00D7644D /* Price+CoreDataProperties.swift */ = {isa = PBXFileReference; fileEncoding = 4; lastKnownFileType = sourcecode.swift; path = "Price+CoreDataProperties.swift"; sourceTree = "<group>"; };
		991B4026216ADC5C00D7644D /* Vehicle+CoreDataClass.swift */ = {isa = PBXFileReference; fileEncoding = 4; lastKnownFileType = sourcecode.swift; path = "Vehicle+CoreDataClass.swift"; sourceTree = "<group>"; };
		991B4027216ADC5D00D7644D /* TemplateTimeSpan+CoreDataClass.swift */ = {isa = PBXFileReference; fileEncoding = 4; lastKnownFileType = sourcecode.swift; path = "TemplateTimeSpan+CoreDataClass.swift"; sourceTree = "<group>"; };
		991B4028216ADC5D00D7644D /* User+CoreDataProperties.swift */ = {isa = PBXFileReference; fileEncoding = 4; lastKnownFileType = sourcecode.swift; path = "User+CoreDataProperties.swift"; sourceTree = "<group>"; };
		992BFDD42208020E006B64CC /* TransactionReceipt+CoreDataClass.swift */ = {isa = PBXFileReference; lastKnownFileType = sourcecode.swift; path = "TransactionReceipt+CoreDataClass.swift"; sourceTree = "<group>"; };
		992BFDD52208020E006B64CC /* TransactionReceipt+CoreDataProperties.swift */ = {isa = PBXFileReference; lastKnownFileType = sourcecode.swift; path = "TransactionReceipt+CoreDataProperties.swift"; sourceTree = "<group>"; };
		992BFDD62208020E006B64CC /* TransactionMetadata+CoreDataClass.swift */ = {isa = PBXFileReference; lastKnownFileType = sourcecode.swift; path = "TransactionMetadata+CoreDataClass.swift"; sourceTree = "<group>"; };
		992BFDD72208020E006B64CC /* TransactionMetadata+CoreDataProperties.swift */ = {isa = PBXFileReference; lastKnownFileType = sourcecode.swift; path = "TransactionMetadata+CoreDataProperties.swift"; sourceTree = "<group>"; };
		992BFDDC22093AB8006B64CC /* TransactionTests.swift */ = {isa = PBXFileReference; lastKnownFileType = sourcecode.swift; path = TransactionTests.swift; sourceTree = "<group>"; };
		9942545521576DFA0075EDCA /* NSManagedObjectFetchable.swift */ = {isa = PBXFileReference; lastKnownFileType = sourcecode.swift; path = NSManagedObjectFetchable.swift; sourceTree = "<group>"; };
		99675CA321E9DC2F003C9D70 /* Amount+CoreDataClass.swift */ = {isa = PBXFileReference; lastKnownFileType = sourcecode.swift; path = "Amount+CoreDataClass.swift"; sourceTree = "<group>"; };
		99675CA421E9DC2F003C9D70 /* Amount+CoreDataProperties.swift */ = {isa = PBXFileReference; lastKnownFileType = sourcecode.swift; path = "Amount+CoreDataProperties.swift"; sourceTree = "<group>"; };
		99675CA521E9DC2F003C9D70 /* Balance+CoreDataClass.swift */ = {isa = PBXFileReference; lastKnownFileType = sourcecode.swift; path = "Balance+CoreDataClass.swift"; sourceTree = "<group>"; };
		99675CA621E9DC2F003C9D70 /* Balance+CoreDataProperties.swift */ = {isa = PBXFileReference; lastKnownFileType = sourcecode.swift; path = "Balance+CoreDataProperties.swift"; sourceTree = "<group>"; };
		99675CAB21E9E137003C9D70 /* StripeTests.swift */ = {isa = PBXFileReference; lastKnownFileType = sourcecode.swift; path = StripeTests.swift; sourceTree = "<group>"; };
		99675CB521EB0059003C9D70 /* Transaction+CoreDataClass.swift */ = {isa = PBXFileReference; lastKnownFileType = sourcecode.swift; path = "Transaction+CoreDataClass.swift"; sourceTree = "<group>"; };
		99675CB621EB0059003C9D70 /* Transaction+CoreDataProperties.swift */ = {isa = PBXFileReference; lastKnownFileType = sourcecode.swift; path = "Transaction+CoreDataProperties.swift"; sourceTree = "<group>"; };
		997714BE21CC8F6700E54F5B /* PriceTests.swift */ = {isa = PBXFileReference; lastKnownFileType = sourcecode.swift; path = PriceTests.swift; sourceTree = "<group>"; };
		997DBC77219BE5D00080F42C /* TemplateTimeSpanTests.swift */ = {isa = PBXFileReference; lastKnownFileType = sourcecode.swift; path = TemplateTimeSpanTests.swift; sourceTree = "<group>"; };
		997DBC81219FF4FC0080F42C /* ServiceEntity+CoreDataClass.swift */ = {isa = PBXFileReference; lastKnownFileType = sourcecode.swift; path = "ServiceEntity+CoreDataClass.swift"; sourceTree = "<group>"; };
		997DBC82219FF4FC0080F42C /* ServiceEntity+CoreDataProperties.swift */ = {isa = PBXFileReference; lastKnownFileType = sourcecode.swift; path = "ServiceEntity+CoreDataProperties.swift"; sourceTree = "<group>"; };
		997DBC9521A23BC30080F42C /* AutoServiceTests.swift */ = {isa = PBXFileReference; lastKnownFileType = sourcecode.swift; path = AutoServiceTests.swift; sourceTree = "<group>"; };
		997DBCA321B8FD180080F42C /* UserTests.swift */ = {isa = PBXFileReference; lastKnownFileType = sourcecode.swift; path = UserTests.swift; sourceTree = "<group>"; };
		997DBCA521B8FD710080F42C /* MechanicTests.swift */ = {isa = PBXFileReference; lastKnownFileType = sourcecode.swift; path = MechanicTests.swift; sourceTree = "<group>"; };
		9989854A22AC4E3B00E4B25A /* Authority+CoreDataClass.swift */ = {isa = PBXFileReference; lastKnownFileType = sourcecode.swift; path = "Authority+CoreDataClass.swift"; sourceTree = "<group>"; };
		9989854B22AC4E3B00E4B25A /* Authority+CoreDataProperties.swift */ = {isa = PBXFileReference; lastKnownFileType = sourcecode.swift; path = "Authority+CoreDataProperties.swift"; sourceTree = "<group>"; };
		9989854C22AC4E3B00E4B25A /* AuthorityConfirmation+CoreDataClass.swift */ = {isa = PBXFileReference; lastKnownFileType = sourcecode.swift; path = "AuthorityConfirmation+CoreDataClass.swift"; sourceTree = "<group>"; };
		9989854D22AC4E3B00E4B25A /* AuthorityConfirmation+CoreDataProperties.swift */ = {isa = PBXFileReference; lastKnownFileType = sourcecode.swift; path = "AuthorityConfirmation+CoreDataProperties.swift"; sourceTree = "<group>"; };
		9989854E22AC4E3B00E4B25A /* AuthorityRequest+CoreDataClass.swift */ = {isa = PBXFileReference; lastKnownFileType = sourcecode.swift; path = "AuthorityRequest+CoreDataClass.swift"; sourceTree = "<group>"; };
		9989854F22AC4E3B00E4B25A /* AuthorityRequest+CoreDataProperties.swift */ = {isa = PBXFileReference; lastKnownFileType = sourcecode.swift; path = "AuthorityRequest+CoreDataProperties.swift"; sourceTree = "<group>"; };
		9989855622B363BE00E4B25A /* AuthoritiesTests.swift */ = {isa = PBXFileReference; lastKnownFileType = sourcecode.swift; path = AuthoritiesTests.swift; sourceTree = "<group>"; };
		998D3ACE21DC0DB0003DD717 /* Review+CoreDataClass.swift */ = {isa = PBXFileReference; lastKnownFileType = sourcecode.swift; path = "Review+CoreDataClass.swift"; sourceTree = "<group>"; };
		998D3ACF21DC0DB0003DD717 /* Review+CoreDataProperties.swift */ = {isa = PBXFileReference; lastKnownFileType = sourcecode.swift; path = "Review+CoreDataProperties.swift"; sourceTree = "<group>"; };
		998D3AD221DC8483003DD717 /* ReviewTests.swift */ = {isa = PBXFileReference; lastKnownFileType = sourcecode.swift; path = ReviewTests.swift; sourceTree = "<group>"; };
		998D3ADC21DD4565003DD717 /* Stats+CoreDataClass.swift */ = {isa = PBXFileReference; lastKnownFileType = sourcecode.swift; path = "Stats+CoreDataClass.swift"; sourceTree = "<group>"; };
		998D3ADD21DD4565003DD717 /* Stats+CoreDataProperties.swift */ = {isa = PBXFileReference; lastKnownFileType = sourcecode.swift; path = "Stats+CoreDataProperties.swift"; sourceTree = "<group>"; };
		999C8D3D218C247300058FE7 /* NSManagedObjectFetchableTests.swift */ = {isa = PBXFileReference; lastKnownFileType = sourcecode.swift; path = NSManagedObjectFetchableTests.swift; sourceTree = "<group>"; };
		999E9193214B81C100FF894B /* Store.swift */ = {isa = PBXFileReference; lastKnownFileType = sourcecode.swift; path = Store.swift; sourceTree = "<group>"; };
		99A3A87721D22871009A1AD9 /* Address+CoreDataClass.swift */ = {isa = PBXFileReference; lastKnownFileType = sourcecode.swift; path = "Address+CoreDataClass.swift"; sourceTree = "<group>"; };
		99A3A87821D22871009A1AD9 /* Address+CoreDataProperties.swift */ = {isa = PBXFileReference; lastKnownFileType = sourcecode.swift; path = "Address+CoreDataProperties.swift"; sourceTree = "<group>"; };
		99B3FA812202E3F800D9887F /* VerificationField+CoreDataClass.swift */ = {isa = PBXFileReference; lastKnownFileType = sourcecode.swift; path = "VerificationField+CoreDataClass.swift"; sourceTree = "<group>"; };
		99B3FA822202E3F800D9887F /* VerificationField+CoreDataProperties.swift */ = {isa = PBXFileReference; lastKnownFileType = sourcecode.swift; path = "VerificationField+CoreDataProperties.swift"; sourceTree = "<group>"; };
		99B3FA832202E3F800D9887F /* Verification+CoreDataClass.swift */ = {isa = PBXFileReference; lastKnownFileType = sourcecode.swift; path = "Verification+CoreDataClass.swift"; sourceTree = "<group>"; };
		99B3FA842202E3F800D9887F /* Verification+CoreDataProperties.swift */ = {isa = PBXFileReference; lastKnownFileType = sourcecode.swift; path = "Verification+CoreDataProperties.swift"; sourceTree = "<group>"; };
		99B3FA892202ED5100D9887F /* VerificationTests.swift */ = {isa = PBXFileReference; lastKnownFileType = sourcecode.swift; path = VerificationTests.swift; sourceTree = "<group>"; };
		99D156C9214F73D500BFA435 /* NSManagedObjectExtension.swift */ = {isa = PBXFileReference; lastKnownFileType = sourcecode.swift; path = NSManagedObjectExtension.swift; sourceTree = "<group>"; };
		99D2F50722343953003750D6 /* BankAccount+CoreDataClass.swift */ = {isa = PBXFileReference; lastKnownFileType = sourcecode.swift; path = "BankAccount+CoreDataClass.swift"; sourceTree = "<group>"; };
		99D2F50822343953003750D6 /* BankAccount+CoreDataProperties.swift */ = {isa = PBXFileReference; lastKnownFileType = sourcecode.swift; path = "BankAccount+CoreDataProperties.swift"; sourceTree = "<group>"; };
		99DED71B214B80D30061CFE0 /* Store.framework */ = {isa = PBXFileReference; explicitFileType = wrapper.framework; includeInIndex = 0; path = Store.framework; sourceTree = BUILT_PRODUCTS_DIR; };
		99DED71E214B80D30061CFE0 /* Store.h */ = {isa = PBXFileReference; lastKnownFileType = sourcecode.c.h; path = Store.h; sourceTree = "<group>"; };
		99DED71F214B80D30061CFE0 /* Info.plist */ = {isa = PBXFileReference; lastKnownFileType = text.plist.xml; path = Info.plist; sourceTree = "<group>"; };
		99DED724214B80D40061CFE0 /* StoreTests.xctest */ = {isa = PBXFileReference; explicitFileType = wrapper.cfbundle; includeInIndex = 0; path = StoreTests.xctest; sourceTree = BUILT_PRODUCTS_DIR; };
		99DED729214B80D40061CFE0 /* StoreTests.swift */ = {isa = PBXFileReference; lastKnownFileType = sourcecode.swift; path = StoreTests.swift; sourceTree = "<group>"; };
		99DED72B214B80D40061CFE0 /* Info.plist */ = {isa = PBXFileReference; lastKnownFileType = text.plist.xml; path = Info.plist; sourceTree = "<group>"; };
		99F02785218581E5005FEFC7 /* DateExtension.swift */ = {isa = PBXFileReference; lastKnownFileType = sourcecode.swift; path = DateExtension.swift; sourceTree = "<group>"; };
		99F027872185820F005FEFC7 /* DateExtensionTests.swift */ = {isa = PBXFileReference; lastKnownFileType = sourcecode.swift; path = DateExtensionTests.swift; sourceTree = "<group>"; };
		99F0278921858611005FEFC7 /* Region+CoreDataClass.swift */ = {isa = PBXFileReference; lastKnownFileType = sourcecode.swift; path = "Region+CoreDataClass.swift"; sourceTree = "<group>"; };
		99F0278A21858611005FEFC7 /* Region+CoreDataProperties.swift */ = {isa = PBXFileReference; lastKnownFileType = sourcecode.swift; path = "Region+CoreDataProperties.swift"; sourceTree = "<group>"; };
		99F0278F21859E29005FEFC7 /* RegionTests.swift */ = {isa = PBXFileReference; lastKnownFileType = sourcecode.swift; path = RegionTests.swift; sourceTree = "<group>"; };
		99F0279F218AE51B005FEFC7 /* PrimitiveExtensions.swift */ = {isa = PBXFileReference; lastKnownFileType = sourcecode.swift; path = PrimitiveExtensions.swift; sourceTree = "<group>"; };
		99F08C6B22DBDBAD00317EEA /* Coupon+CoreDataClass.swift */ = {isa = PBXFileReference; lastKnownFileType = sourcecode.swift; path = "Coupon+CoreDataClass.swift"; sourceTree = "<group>"; };
		99F08C6C22DBDBAD00317EEA /* Coupon+CoreDataProperties.swift */ = {isa = PBXFileReference; lastKnownFileType = sourcecode.swift; path = "Coupon+CoreDataProperties.swift"; sourceTree = "<group>"; };
		99F08C6F22DBE65100317EEA /* CouponTests.swift */ = {isa = PBXFileReference; lastKnownFileType = sourcecode.swift; path = CouponTests.swift; sourceTree = "<group>"; };
		99F696B72210E8330021A719 /* TaxInfo+CoreDataClass.swift */ = {isa = PBXFileReference; lastKnownFileType = sourcecode.swift; path = "TaxInfo+CoreDataClass.swift"; sourceTree = "<group>"; };
		99F696B82210E8330021A719 /* TaxInfo+CoreDataProperties.swift */ = {isa = PBXFileReference; lastKnownFileType = sourcecode.swift; path = "TaxInfo+CoreDataProperties.swift"; sourceTree = "<group>"; };
		99F78F2D214BA53600D1BD28 /* Foundation.framework */ = {isa = PBXFileReference; lastKnownFileType = wrapper.framework; name = Foundation.framework; path = System/Library/Frameworks/Foundation.framework; sourceTree = SDKROOT; };
		99F7D61B21EC042C00D6B524 /* Payout+CoreDataClass.swift */ = {isa = PBXFileReference; lastKnownFileType = sourcecode.swift; path = "Payout+CoreDataClass.swift"; sourceTree = "<group>"; };
		99F7D61C21EC042C00D6B524 /* Payout+CoreDataProperties.swift */ = {isa = PBXFileReference; lastKnownFileType = sourcecode.swift; path = "Payout+CoreDataProperties.swift"; sourceTree = "<group>"; };
/* End PBXFileReference section */

/* Begin PBXFrameworksBuildPhase section */
		99DED717214B80D30061CFE0 /* Frameworks */ = {
			isa = PBXFrameworksBuildPhase;
			buildActionMask = 2147483647;
			files = (
			);
			runOnlyForDeploymentPostprocessing = 0;
		};
		99DED721214B80D40061CFE0 /* Frameworks */ = {
			isa = PBXFrameworksBuildPhase;
			buildActionMask = 2147483647;
			files = (
				99DED725214B80D40061CFE0 /* Store.framework in Frameworks */,
			);
			runOnlyForDeploymentPostprocessing = 0;
		};
/* End PBXFrameworksBuildPhase section */

/* Begin PBXGroup section */
		9991FE1B214B872100F58F42 /* Support */ = {
			isa = PBXGroup;
			children = (
				99DED71F214B80D30061CFE0 /* Info.plist */,
				99DED71E214B80D30061CFE0 /* Store.h */,
			);
			path = Support;
			sourceTree = "<group>";
		};
		9991FE1C214B873F00F58F42 /* Models */ = {
			isa = PBXGroup;
			children = (
				9905FF4E230D3EC800DFBCB9 /* OilChangePricing+CoreDataClass.swift */,
				9905FF4F230D3EC800DFBCB9 /* OilChangePricing+CoreDataProperties.swift */,
				99F08C6B22DBDBAD00317EEA /* Coupon+CoreDataClass.swift */,
				99F08C6C22DBDBAD00317EEA /* Coupon+CoreDataProperties.swift */,
				9989854A22AC4E3B00E4B25A /* Authority+CoreDataClass.swift */,
				9989854B22AC4E3B00E4B25A /* Authority+CoreDataProperties.swift */,
				9989854C22AC4E3B00E4B25A /* AuthorityConfirmation+CoreDataClass.swift */,
				9989854D22AC4E3B00E4B25A /* AuthorityConfirmation+CoreDataProperties.swift */,
				9989854E22AC4E3B00E4B25A /* AuthorityRequest+CoreDataClass.swift */,
				9989854F22AC4E3B00E4B25A /* AuthorityRequest+CoreDataProperties.swift */,
				99675CA321E9DC2F003C9D70 /* Amount+CoreDataClass.swift */,
				99675CA421E9DC2F003C9D70 /* Amount+CoreDataProperties.swift */,
				99D2F50722343953003750D6 /* BankAccount+CoreDataClass.swift */,
				99D2F50822343953003750D6 /* BankAccount+CoreDataProperties.swift */,
				99675CA521E9DC2F003C9D70 /* Balance+CoreDataClass.swift */,
				99675CA621E9DC2F003C9D70 /* Balance+CoreDataProperties.swift */,
				99675CB521EB0059003C9D70 /* Transaction+CoreDataClass.swift */,
				99675CB621EB0059003C9D70 /* Transaction+CoreDataProperties.swift */,
				992BFDD62208020E006B64CC /* TransactionMetadata+CoreDataClass.swift */,
				992BFDD72208020E006B64CC /* TransactionMetadata+CoreDataProperties.swift */,
				992BFDD42208020E006B64CC /* TransactionReceipt+CoreDataClass.swift */,
				992BFDD52208020E006B64CC /* TransactionReceipt+CoreDataProperties.swift */,
				99F696B72210E8330021A719 /* TaxInfo+CoreDataClass.swift */,
				99F696B82210E8330021A719 /* TaxInfo+CoreDataProperties.swift */,
				99F7D61B21EC042C00D6B524 /* Payout+CoreDataClass.swift */,
				99F7D61C21EC042C00D6B524 /* Payout+CoreDataProperties.swift */,
				998D3ADC21DD4565003DD717 /* Stats+CoreDataClass.swift */,
				998D3ADD21DD4565003DD717 /* Stats+CoreDataProperties.swift */,
				99F0278921858611005FEFC7 /* Region+CoreDataClass.swift */,
				99F0278A21858611005FEFC7 /* Region+CoreDataProperties.swift */,
				998D3ACE21DC0DB0003DD717 /* Review+CoreDataClass.swift */,
				998D3ACF21DC0DB0003DD717 /* Review+CoreDataProperties.swift */,
				99A3A87721D22871009A1AD9 /* Address+CoreDataClass.swift */,
				99A3A87821D22871009A1AD9 /* Address+CoreDataProperties.swift */,
				991B401A216ADC5C00D7644D /* AutoService+CoreDataClass.swift */,
				991B401B216ADC5C00D7644D /* AutoService+CoreDataProperties.swift */,
				991B401D216ADC5C00D7644D /* Location+CoreDataClass.swift */,
				991B4016216ADC5C00D7644D /* Location+CoreDataProperties.swift */,
				991B4018216ADC5C00D7644D /* Mechanic+CoreDataClass.swift */,
				991B4024216ADC5C00D7644D /* Mechanic+CoreDataProperties.swift */,
				991B4020216ADC5C00D7644D /* OilChange+CoreDataClass.swift */,
				991B4019216ADC5C00D7644D /* OilChange+CoreDataProperties.swift */,
				991B4021216ADC5C00D7644D /* Price+CoreDataClass.swift */,
				991B4025216ADC5C00D7644D /* Price+CoreDataProperties.swift */,
				991B4017216ADC5C00D7644D /* PricePart+CoreDataClass.swift */,
				991B4023216ADC5C00D7644D /* PricePart+CoreDataProperties.swift */,
				997DBC81219FF4FC0080F42C /* ServiceEntity+CoreDataClass.swift */,
				997DBC82219FF4FC0080F42C /* ServiceEntity+CoreDataProperties.swift */,
				991B4027216ADC5D00D7644D /* TemplateTimeSpan+CoreDataClass.swift */,
				991B401C216ADC5C00D7644D /* TemplateTimeSpan+CoreDataProperties.swift */,
				991B401E216ADC5C00D7644D /* User+CoreDataClass.swift */,
				991B4028216ADC5D00D7644D /* User+CoreDataProperties.swift */,
				99B3FA812202E3F800D9887F /* VerificationField+CoreDataClass.swift */,
				99B3FA822202E3F800D9887F /* VerificationField+CoreDataProperties.swift */,
				99B3FA832202E3F800D9887F /* Verification+CoreDataClass.swift */,
				99B3FA842202E3F800D9887F /* Verification+CoreDataProperties.swift */,
				991B4026216ADC5C00D7644D /* Vehicle+CoreDataClass.swift */,
				991B401F216ADC5C00D7644D /* Vehicle+CoreDataProperties.swift */,
				991B4015216ADC5C00D7644D /* VehicleDescription+CoreDataClass.swift */,
				991B4022216ADC5C00D7644D /* VehicleDescription+CoreDataProperties.swift */,
			);
			path = Models;
			sourceTree = "<group>";
		};
		99D156C8214F73C500BFA435 /* Extensions */ = {
			isa = PBXGroup;
			children = (
				99D156C9214F73D500BFA435 /* NSManagedObjectExtension.swift */,
				99F02785218581E5005FEFC7 /* DateExtension.swift */,
				99F0279F218AE51B005FEFC7 /* PrimitiveExtensions.swift */,
			);
			path = Extensions;
			sourceTree = "<group>";
		};
		99DED711214B80D30061CFE0 = {
			isa = PBXGroup;
			children = (
				99DED71D214B80D30061CFE0 /* Store */,
				99DED728214B80D40061CFE0 /* StoreTests */,
				99DED71C214B80D30061CFE0 /* Products */,
				99F78F2C214BA53600D1BD28 /* Frameworks */,
			);
			sourceTree = "<group>";
		};
		99DED71C214B80D30061CFE0 /* Products */ = {
			isa = PBXGroup;
			children = (
				99DED71B214B80D30061CFE0 /* Store.framework */,
				99DED724214B80D40061CFE0 /* StoreTests.xctest */,
			);
			name = Products;
			sourceTree = "<group>";
		};
		99DED71D214B80D30061CFE0 /* Store */ = {
			isa = PBXGroup;
			children = (
				999E9193214B81C100FF894B /* Store.swift */,
				9942545521576DFA0075EDCA /* NSManagedObjectFetchable.swift */,
				99137598217080D800F15BEC /* CarSwaddleStore.xcdatamodeld */,
				99D156C8214F73C500BFA435 /* Extensions */,
				9991FE1C214B873F00F58F42 /* Models */,
				9991FE1B214B872100F58F42 /* Support */,
			);
			path = Store;
			sourceTree = "<group>";
		};
		99DED728214B80D40061CFE0 /* StoreTests */ = {
			isa = PBXGroup;
			children = (
				9989855622B363BE00E4B25A /* AuthoritiesTests.swift */,
				99DED729214B80D40061CFE0 /* StoreTests.swift */,
				997DBC9521A23BC30080F42C /* AutoServiceTests.swift */,
				997714BE21CC8F6700E54F5B /* PriceTests.swift */,
				997DBC77219BE5D00080F42C /* TemplateTimeSpanTests.swift */,
				997DBCA321B8FD180080F42C /* UserTests.swift */,
				997DBCA521B8FD710080F42C /* MechanicTests.swift */,
				99F027872185820F005FEFC7 /* DateExtensionTests.swift */,
				99F0278F21859E29005FEFC7 /* RegionTests.swift */,
				998D3AD221DC8483003DD717 /* ReviewTests.swift */,
				99675CAB21E9E137003C9D70 /* StripeTests.swift */,
				99B3FA892202ED5100D9887F /* VerificationTests.swift */,
				992BFDDC22093AB8006B64CC /* TransactionTests.swift */,
				99F08C6F22DBE65100317EEA /* CouponTests.swift */,
				99DED72B214B80D40061CFE0 /* Info.plist */,
				999C8D3D218C247300058FE7 /* NSManagedObjectFetchableTests.swift */,
			);
			path = StoreTests;
			sourceTree = "<group>";
		};
		99F78F2C214BA53600D1BD28 /* Frameworks */ = {
			isa = PBXGroup;
			children = (
				99F78F2D214BA53600D1BD28 /* Foundation.framework */,
			);
			name = Frameworks;
			sourceTree = "<group>";
		};
/* End PBXGroup section */

/* Begin PBXHeadersBuildPhase section */
		99DED718214B80D30061CFE0 /* Headers */ = {
			isa = PBXHeadersBuildPhase;
			buildActionMask = 2147483647;
			files = (
				99DED72C214B80D40061CFE0 /* Store.h in Headers */,
			);
			runOnlyForDeploymentPostprocessing = 0;
		};
/* End PBXHeadersBuildPhase section */

/* Begin PBXNativeTarget section */
		99DED71A214B80D30061CFE0 /* Store */ = {
			isa = PBXNativeTarget;
			buildConfigurationList = 99DED72F214B80D40061CFE0 /* Build configuration list for PBXNativeTarget "Store" */;
			buildPhases = (
				99DED716214B80D30061CFE0 /* Sources */,
				99DED717214B80D30061CFE0 /* Frameworks */,
				99DED718214B80D30061CFE0 /* Headers */,
				99DED719214B80D30061CFE0 /* Resources */,
			);
			buildRules = (
			);
			dependencies = (
			);
			name = Store;
			productName = Store;
			productReference = 99DED71B214B80D30061CFE0 /* Store.framework */;
			productType = "com.apple.product-type.framework";
		};
		99DED723214B80D40061CFE0 /* StoreTests */ = {
			isa = PBXNativeTarget;
			buildConfigurationList = 99DED732214B80D40061CFE0 /* Build configuration list for PBXNativeTarget "StoreTests" */;
			buildPhases = (
				99DED720214B80D40061CFE0 /* Sources */,
				99DED721214B80D40061CFE0 /* Frameworks */,
				99DED722214B80D40061CFE0 /* Resources */,
			);
			buildRules = (
			);
			dependencies = (
				99DED727214B80D40061CFE0 /* PBXTargetDependency */,
			);
			name = StoreTests;
			productName = StoreTests;
			productReference = 99DED724214B80D40061CFE0 /* StoreTests.xctest */;
			productType = "com.apple.product-type.bundle.unit-test";
		};
/* End PBXNativeTarget section */

/* Begin PBXProject section */
		99DED712214B80D30061CFE0 /* Project object */ = {
			isa = PBXProject;
			attributes = {
				LastSwiftUpdateCheck = 0940;
				LastUpgradeCheck = 0940;
				ORGANIZATIONNAME = CarSwaddle;
				TargetAttributes = {
					99DED71A214B80D30061CFE0 = {
						CreatedOnToolsVersion = 9.4.1;
						LastSwiftMigration = 1000;
					};
					99DED723214B80D40061CFE0 = {
						CreatedOnToolsVersion = 9.4.1;
						LastSwiftMigration = 1000;
					};
				};
			};
			buildConfigurationList = 99DED715214B80D30061CFE0 /* Build configuration list for PBXProject "Store" */;
			compatibilityVersion = "Xcode 9.3";
			developmentRegion = en;
			hasScannedForEncodings = 0;
			knownRegions = (
				en,
			);
			mainGroup = 99DED711214B80D30061CFE0;
			productRefGroup = 99DED71C214B80D30061CFE0 /* Products */;
			projectDirPath = "";
			projectRoot = "";
			targets = (
				99DED71A214B80D30061CFE0 /* Store */,
				99DED723214B80D40061CFE0 /* StoreTests */,
			);
		};
/* End PBXProject section */

/* Begin PBXResourcesBuildPhase section */
		99DED719214B80D30061CFE0 /* Resources */ = {
			isa = PBXResourcesBuildPhase;
			buildActionMask = 2147483647;
			files = (
			);
			runOnlyForDeploymentPostprocessing = 0;
		};
		99DED722214B80D40061CFE0 /* Resources */ = {
			isa = PBXResourcesBuildPhase;
			buildActionMask = 2147483647;
			files = (
			);
			runOnlyForDeploymentPostprocessing = 0;
		};
/* End PBXResourcesBuildPhase section */

/* Begin PBXSourcesBuildPhase section */
		99DED716214B80D30061CFE0 /* Sources */ = {
			isa = PBXSourcesBuildPhase;
			buildActionMask = 2147483647;
			files = (
				99F08C6D22DBDBAD00317EEA /* Coupon+CoreDataClass.swift in Sources */,
				991B403B216ADC5D00D7644D /* TemplateTimeSpan+CoreDataClass.swift in Sources */,
				997DBC83219FF4FC0080F42C /* ServiceEntity+CoreDataClass.swift in Sources */,
				991B4031216ADC5D00D7644D /* Location+CoreDataClass.swift in Sources */,
				99F027A0218AE51B005FEFC7 /* PrimitiveExtensions.swift in Sources */,
				999E9194214B81C100FF894B /* Store.swift in Sources */,
				99F0278C21858611005FEFC7 /* Region+CoreDataProperties.swift in Sources */,
				992BFDDA2208020E006B64CC /* TransactionMetadata+CoreDataClass.swift in Sources */,
				99A3A87921D22871009A1AD9 /* Address+CoreDataClass.swift in Sources */,
				99F08C6E22DBDBAD00317EEA /* Coupon+CoreDataProperties.swift in Sources */,
				992BFDD82208020E006B64CC /* TransactionReceipt+CoreDataClass.swift in Sources */,
				997DBC84219FF4FC0080F42C /* ServiceEntity+CoreDataProperties.swift in Sources */,
				99675CB821EB0059003C9D70 /* Transaction+CoreDataProperties.swift in Sources */,
				9913759A217080D900F15BEC /* CarSwaddleStore.xcdatamodeld in Sources */,
				99B3FA872202E3F800D9887F /* Verification+CoreDataClass.swift in Sources */,
				992BFDDB2208020E006B64CC /* TransactionMetadata+CoreDataProperties.swift in Sources */,
				991B4036216ADC5D00D7644D /* VehicleDescription+CoreDataProperties.swift in Sources */,
				99675CB721EB0059003C9D70 /* Transaction+CoreDataClass.swift in Sources */,
				99F696BA2210E8330021A719 /* TaxInfo+CoreDataProperties.swift in Sources */,
				9989855122AC4E3B00E4B25A /* Authority+CoreDataProperties.swift in Sources */,
				991B4029216ADC5D00D7644D /* VehicleDescription+CoreDataClass.swift in Sources */,
				99B3FA882202E3F800D9887F /* Verification+CoreDataProperties.swift in Sources */,
				9989855422AC4E3B00E4B25A /* AuthorityRequest+CoreDataClass.swift in Sources */,
				99F696B92210E8330021A719 /* TaxInfo+CoreDataClass.swift in Sources */,
				99D2F50922343953003750D6 /* BankAccount+CoreDataClass.swift in Sources */,
				99675CA721E9DC2F003C9D70 /* Amount+CoreDataClass.swift in Sources */,
				991B4032216ADC5D00D7644D /* User+CoreDataClass.swift in Sources */,
				99675CA821E9DC2F003C9D70 /* Amount+CoreDataProperties.swift in Sources */,
				99B3FA852202E3F800D9887F /* VerificationField+CoreDataClass.swift in Sources */,
				99F0278B21858611005FEFC7 /* Region+CoreDataClass.swift in Sources */,
				9989855022AC4E3B00E4B25A /* Authority+CoreDataClass.swift in Sources */,
				991B4034216ADC5D00D7644D /* OilChange+CoreDataClass.swift in Sources */,
				99D2F50A22343953003750D6 /* BankAccount+CoreDataProperties.swift in Sources */,
				9989855522AC4E3B00E4B25A /* AuthorityRequest+CoreDataProperties.swift in Sources */,
				9989855322AC4E3B00E4B25A /* AuthorityConfirmation+CoreDataProperties.swift in Sources */,
				99675CAA21E9DC2F003C9D70 /* Balance+CoreDataProperties.swift in Sources */,
				99F7D61E21EC042C00D6B524 /* Payout+CoreDataProperties.swift in Sources */,
				991B402D216ADC5D00D7644D /* OilChange+CoreDataProperties.swift in Sources */,
				99675CA921E9DC2F003C9D70 /* Balance+CoreDataClass.swift in Sources */,
				998D3ADF21DD4565003DD717 /* Stats+CoreDataProperties.swift in Sources */,
				991B402B216ADC5D00D7644D /* PricePart+CoreDataClass.swift in Sources */,
				991B4037216ADC5D00D7644D /* PricePart+CoreDataProperties.swift in Sources */,
				99F02786218581E5005FEFC7 /* DateExtension.swift in Sources */,
				991B4033216ADC5D00D7644D /* Vehicle+CoreDataProperties.swift in Sources */,
				998D3AD121DC0DB0003DD717 /* Review+CoreDataProperties.swift in Sources */,
				99D156CA214F73D500BFA435 /* NSManagedObjectExtension.swift in Sources */,
				9942545621576DFA0075EDCA /* NSManagedObjectFetchable.swift in Sources */,
				991B4030216ADC5D00D7644D /* TemplateTimeSpan+CoreDataProperties.swift in Sources */,
				991B4035216ADC5D00D7644D /* Price+CoreDataClass.swift in Sources */,
				9989855222AC4E3B00E4B25A /* AuthorityConfirmation+CoreDataClass.swift in Sources */,
				991B402F216ADC5D00D7644D /* AutoService+CoreDataProperties.swift in Sources */,
				99A3A87A21D22871009A1AD9 /* Address+CoreDataProperties.swift in Sources */,
				991B403A216ADC5D00D7644D /* Vehicle+CoreDataClass.swift in Sources */,
				991B4038216ADC5D00D7644D /* Mechanic+CoreDataProperties.swift in Sources */,
				991B402A216ADC5D00D7644D /* Location+CoreDataProperties.swift in Sources */,
				998D3ADE21DD4565003DD717 /* Stats+CoreDataClass.swift in Sources */,
				991B403C216ADC5D00D7644D /* User+CoreDataProperties.swift in Sources */,
				998D3AD021DC0DB0003DD717 /* Review+CoreDataClass.swift in Sources */,
				99F7D61D21EC042C00D6B524 /* Payout+CoreDataClass.swift in Sources */,
				9905FF51230D3EC800DFBCB9 /* OilChangePricing+CoreDataProperties.swift in Sources */,
				991B402C216ADC5D00D7644D /* Mechanic+CoreDataClass.swift in Sources */,
				991B402E216ADC5D00D7644D /* AutoService+CoreDataClass.swift in Sources */,
				991B4039216ADC5D00D7644D /* Price+CoreDataProperties.swift in Sources */,
				99B3FA862202E3F800D9887F /* VerificationField+CoreDataProperties.swift in Sources */,
				992BFDD92208020E006B64CC /* TransactionReceipt+CoreDataProperties.swift in Sources */,
				9905FF50230D3EC800DFBCB9 /* OilChangePricing+CoreDataClass.swift in Sources */,
			);
			runOnlyForDeploymentPostprocessing = 0;
		};
		99DED720214B80D40061CFE0 /* Sources */ = {
			isa = PBXSourcesBuildPhase;
			buildActionMask = 2147483647;
			files = (
				997DBC9621A23BC30080F42C /* AutoServiceTests.swift in Sources */,
				997DBCA621B8FD710080F42C /* MechanicTests.swift in Sources */,
				997DBC78219BE5D00080F42C /* TemplateTimeSpanTests.swift in Sources */,
				999C8D3E218C247300058FE7 /* NSManagedObjectFetchableTests.swift in Sources */,
				992BFDDD22093AB8006B64CC /* TransactionTests.swift in Sources */,
				99B3FA8A2202ED5100D9887F /* VerificationTests.swift in Sources */,
				99F08C7022DBE65100317EEA /* CouponTests.swift in Sources */,
				997DBCA421B8FD180080F42C /* UserTests.swift in Sources */,
				99DED72A214B80D40061CFE0 /* StoreTests.swift in Sources */,
				99F027882185820F005FEFC7 /* DateExtensionTests.swift in Sources */,
				99F0279021859E29005FEFC7 /* RegionTests.swift in Sources */,
				997714BF21CC8F6700E54F5B /* PriceTests.swift in Sources */,
				99675CAC21E9E137003C9D70 /* StripeTests.swift in Sources */,
				998D3AD321DC8483003DD717 /* ReviewTests.swift in Sources */,
				9989855722B363BE00E4B25A /* AuthoritiesTests.swift in Sources */,
			);
			runOnlyForDeploymentPostprocessing = 0;
		};
/* End PBXSourcesBuildPhase section */

/* Begin PBXTargetDependency section */
		99DED727214B80D40061CFE0 /* PBXTargetDependency */ = {
			isa = PBXTargetDependency;
			target = 99DED71A214B80D30061CFE0 /* Store */;
			targetProxy = 99DED726214B80D40061CFE0 /* PBXContainerItemProxy */;
		};
/* End PBXTargetDependency section */

/* Begin XCBuildConfiguration section */
		99DED72D214B80D40061CFE0 /* Debug */ = {
			isa = XCBuildConfiguration;
			buildSettings = {
				ALWAYS_SEARCH_USER_PATHS = NO;
				CLANG_ANALYZER_NONNULL = YES;
				CLANG_ANALYZER_NUMBER_OBJECT_CONVERSION = YES_AGGRESSIVE;
				CLANG_CXX_LANGUAGE_STANDARD = "gnu++14";
				CLANG_CXX_LIBRARY = "libc++";
				CLANG_ENABLE_MODULES = YES;
				CLANG_ENABLE_OBJC_ARC = YES;
				CLANG_ENABLE_OBJC_WEAK = YES;
				CLANG_WARN_BLOCK_CAPTURE_AUTORELEASING = YES;
				CLANG_WARN_BOOL_CONVERSION = YES;
				CLANG_WARN_COMMA = YES;
				CLANG_WARN_CONSTANT_CONVERSION = YES;
				CLANG_WARN_DEPRECATED_OBJC_IMPLEMENTATIONS = YES;
				CLANG_WARN_DIRECT_OBJC_ISA_USAGE = YES_ERROR;
				CLANG_WARN_DOCUMENTATION_COMMENTS = YES;
				CLANG_WARN_EMPTY_BODY = YES;
				CLANG_WARN_ENUM_CONVERSION = YES;
				CLANG_WARN_INFINITE_RECURSION = YES;
				CLANG_WARN_INT_CONVERSION = YES;
				CLANG_WARN_NON_LITERAL_NULL_CONVERSION = YES;
				CLANG_WARN_OBJC_IMPLICIT_RETAIN_SELF = YES;
				CLANG_WARN_OBJC_LITERAL_CONVERSION = YES;
				CLANG_WARN_OBJC_ROOT_CLASS = YES_ERROR;
				CLANG_WARN_RANGE_LOOP_ANALYSIS = YES;
				CLANG_WARN_STRICT_PROTOTYPES = YES;
				CLANG_WARN_SUSPICIOUS_MOVE = YES;
				CLANG_WARN_UNGUARDED_AVAILABILITY = YES_AGGRESSIVE;
				CLANG_WARN_UNREACHABLE_CODE = YES;
				CLANG_WARN__DUPLICATE_METHOD_MATCH = YES;
				CODE_SIGN_IDENTITY = "iPhone Developer";
				COPY_PHASE_STRIP = NO;
				CURRENT_PROJECT_VERSION = 1;
				DEBUG_INFORMATION_FORMAT = dwarf;
				ENABLE_STRICT_OBJC_MSGSEND = YES;
				ENABLE_TESTABILITY = YES;
				GCC_C_LANGUAGE_STANDARD = gnu11;
				GCC_DYNAMIC_NO_PIC = NO;
				GCC_NO_COMMON_BLOCKS = YES;
				GCC_OPTIMIZATION_LEVEL = 0;
				GCC_PREPROCESSOR_DEFINITIONS = (
					"DEBUG=1",
					"$(inherited)",
				);
				GCC_WARN_64_TO_32_BIT_CONVERSION = YES;
				GCC_WARN_ABOUT_RETURN_TYPE = YES_ERROR;
				GCC_WARN_UNDECLARED_SELECTOR = YES;
				GCC_WARN_UNINITIALIZED_AUTOS = YES_AGGRESSIVE;
				GCC_WARN_UNUSED_FUNCTION = YES;
				GCC_WARN_UNUSED_VARIABLE = YES;
				IPHONEOS_DEPLOYMENT_TARGET = 11.4;
				MTL_ENABLE_DEBUG_INFO = YES;
				ONLY_ACTIVE_ARCH = YES;
				SDKROOT = iphoneos;
				SWIFT_ACTIVE_COMPILATION_CONDITIONS = DEBUG;
				SWIFT_OPTIMIZATION_LEVEL = "-Onone";
				VERSIONING_SYSTEM = "apple-generic";
				VERSION_INFO_PREFIX = "";
			};
			name = Debug;
		};
		99DED72E214B80D40061CFE0 /* Release */ = {
			isa = XCBuildConfiguration;
			buildSettings = {
				ALWAYS_SEARCH_USER_PATHS = NO;
				CLANG_ANALYZER_NONNULL = YES;
				CLANG_ANALYZER_NUMBER_OBJECT_CONVERSION = YES_AGGRESSIVE;
				CLANG_CXX_LANGUAGE_STANDARD = "gnu++14";
				CLANG_CXX_LIBRARY = "libc++";
				CLANG_ENABLE_MODULES = YES;
				CLANG_ENABLE_OBJC_ARC = YES;
				CLANG_ENABLE_OBJC_WEAK = YES;
				CLANG_WARN_BLOCK_CAPTURE_AUTORELEASING = YES;
				CLANG_WARN_BOOL_CONVERSION = YES;
				CLANG_WARN_COMMA = YES;
				CLANG_WARN_CONSTANT_CONVERSION = YES;
				CLANG_WARN_DEPRECATED_OBJC_IMPLEMENTATIONS = YES;
				CLANG_WARN_DIRECT_OBJC_ISA_USAGE = YES_ERROR;
				CLANG_WARN_DOCUMENTATION_COMMENTS = YES;
				CLANG_WARN_EMPTY_BODY = YES;
				CLANG_WARN_ENUM_CONVERSION = YES;
				CLANG_WARN_INFINITE_RECURSION = YES;
				CLANG_WARN_INT_CONVERSION = YES;
				CLANG_WARN_NON_LITERAL_NULL_CONVERSION = YES;
				CLANG_WARN_OBJC_IMPLICIT_RETAIN_SELF = YES;
				CLANG_WARN_OBJC_LITERAL_CONVERSION = YES;
				CLANG_WARN_OBJC_ROOT_CLASS = YES_ERROR;
				CLANG_WARN_RANGE_LOOP_ANALYSIS = YES;
				CLANG_WARN_STRICT_PROTOTYPES = YES;
				CLANG_WARN_SUSPICIOUS_MOVE = YES;
				CLANG_WARN_UNGUARDED_AVAILABILITY = YES_AGGRESSIVE;
				CLANG_WARN_UNREACHABLE_CODE = YES;
				CLANG_WARN__DUPLICATE_METHOD_MATCH = YES;
				CODE_SIGN_IDENTITY = "iPhone Developer";
				COPY_PHASE_STRIP = NO;
				CURRENT_PROJECT_VERSION = 1;
				DEBUG_INFORMATION_FORMAT = "dwarf-with-dsym";
				ENABLE_NS_ASSERTIONS = NO;
				ENABLE_STRICT_OBJC_MSGSEND = YES;
				GCC_C_LANGUAGE_STANDARD = gnu11;
				GCC_NO_COMMON_BLOCKS = YES;
				GCC_WARN_64_TO_32_BIT_CONVERSION = YES;
				GCC_WARN_ABOUT_RETURN_TYPE = YES_ERROR;
				GCC_WARN_UNDECLARED_SELECTOR = YES;
				GCC_WARN_UNINITIALIZED_AUTOS = YES_AGGRESSIVE;
				GCC_WARN_UNUSED_FUNCTION = YES;
				GCC_WARN_UNUSED_VARIABLE = YES;
				IPHONEOS_DEPLOYMENT_TARGET = 11.4;
				MTL_ENABLE_DEBUG_INFO = NO;
				SDKROOT = iphoneos;
				SWIFT_COMPILATION_MODE = wholemodule;
				SWIFT_OPTIMIZATION_LEVEL = "-O";
				VALIDATE_PRODUCT = YES;
				VERSIONING_SYSTEM = "apple-generic";
				VERSION_INFO_PREFIX = "";
			};
			name = Release;
		};
		99DED730214B80D40061CFE0 /* Debug */ = {
			isa = XCBuildConfiguration;
			buildSettings = {
				CLANG_ENABLE_MODULES = YES;
				CODE_SIGN_IDENTITY = "";
				CODE_SIGN_STYLE = Automatic;
				DEFINES_MODULE = YES;
				DEVELOPMENT_TEAM = "";
				DYLIB_COMPATIBILITY_VERSION = 1;
				DYLIB_CURRENT_VERSION = 1;
				DYLIB_INSTALL_NAME_BASE = "@rpath";
				FRAMEWORK_SEARCH_PATHS = "";
				INFOPLIST_FILE = Store/Support/Info.plist;
				INSTALL_PATH = "$(LOCAL_LIBRARY_DIR)/Frameworks";
				IPHONEOS_DEPLOYMENT_TARGET = 11.0;
				LD_RUNPATH_SEARCH_PATHS = (
					"$(inherited)",
					"@executable_path/Frameworks",
					"@loader_path/Frameworks",
				);
				MACH_O_TYPE = mh_dylib;
				PRODUCT_BUNDLE_IDENTIFIER = CS.Store;
				PRODUCT_NAME = "$(TARGET_NAME:c99extidentifier)";
				PROVISIONING_PROFILE_SPECIFIER = "";
				SKIP_INSTALL = YES;
				SWIFT_OPTIMIZATION_LEVEL = "-Onone";
				SWIFT_VERSION = 4.2;
				TARGETED_DEVICE_FAMILY = "1,2";
			};
			name = Debug;
		};
		99DED731214B80D40061CFE0 /* Release */ = {
			isa = XCBuildConfiguration;
			buildSettings = {
				CLANG_ENABLE_MODULES = YES;
				CODE_SIGN_IDENTITY = "";
				CODE_SIGN_STYLE = Automatic;
				DEFINES_MODULE = YES;
				DEVELOPMENT_TEAM = "";
				DYLIB_COMPATIBILITY_VERSION = 1;
				DYLIB_CURRENT_VERSION = 1;
				DYLIB_INSTALL_NAME_BASE = "@rpath";
				FRAMEWORK_SEARCH_PATHS = "";
				INFOPLIST_FILE = Store/Support/Info.plist;
				INSTALL_PATH = "$(LOCAL_LIBRARY_DIR)/Frameworks";
				IPHONEOS_DEPLOYMENT_TARGET = 11.0;
				LD_RUNPATH_SEARCH_PATHS = (
					"$(inherited)",
					"@executable_path/Frameworks",
					"@loader_path/Frameworks",
				);
				MACH_O_TYPE = mh_dylib;
				PRODUCT_BUNDLE_IDENTIFIER = CS.Store;
				PRODUCT_NAME = "$(TARGET_NAME:c99extidentifier)";
				PROVISIONING_PROFILE_SPECIFIER = "";
				SKIP_INSTALL = YES;
				SWIFT_VERSION = 4.2;
				TARGETED_DEVICE_FAMILY = "1,2";
			};
			name = Release;
		};
		99DED733214B80D40061CFE0 /* Debug */ = {
			isa = XCBuildConfiguration;
			buildSettings = {
				ALWAYS_EMBED_SWIFT_STANDARD_LIBRARIES = YES;
				CODE_SIGN_STYLE = Automatic;
				DEVELOPMENT_TEAM = MG7WLQ6J4A;
				FRAMEWORK_SEARCH_PATHS = "$(SRCROOT)/Carthage/Build/iOS";
				INFOPLIST_FILE = StoreTests/Info.plist;
				LD_RUNPATH_SEARCH_PATHS = (
					"$(inherited)",
					"@executable_path/Frameworks",
					"@loader_path/Frameworks",
				);
				PRODUCT_BUNDLE_IDENTIFIER = CS.StoreTests;
				PRODUCT_NAME = "$(TARGET_NAME)";
				SWIFT_VERSION = 4.2;
				TARGETED_DEVICE_FAMILY = "1,2";
			};
			name = Debug;
		};
		99DED734214B80D40061CFE0 /* Release */ = {
			isa = XCBuildConfiguration;
			buildSettings = {
				ALWAYS_EMBED_SWIFT_STANDARD_LIBRARIES = YES;
				CODE_SIGN_STYLE = Automatic;
				DEVELOPMENT_TEAM = MG7WLQ6J4A;
				FRAMEWORK_SEARCH_PATHS = "$(SRCROOT)/Carthage/Build/iOS";
				INFOPLIST_FILE = StoreTests/Info.plist;
				LD_RUNPATH_SEARCH_PATHS = (
					"$(inherited)",
					"@executable_path/Frameworks",
					"@loader_path/Frameworks",
				);
				PRODUCT_BUNDLE_IDENTIFIER = CS.StoreTests;
				PRODUCT_NAME = "$(TARGET_NAME)";
				SWIFT_VERSION = 4.2;
				TARGETED_DEVICE_FAMILY = "1,2";
			};
			name = Release;
		};
/* End XCBuildConfiguration section */

/* Begin XCConfigurationList section */
		99DED715214B80D30061CFE0 /* Build configuration list for PBXProject "Store" */ = {
			isa = XCConfigurationList;
			buildConfigurations = (
				99DED72D214B80D40061CFE0 /* Debug */,
				99DED72E214B80D40061CFE0 /* Release */,
			);
			defaultConfigurationIsVisible = 0;
			defaultConfigurationName = Release;
		};
		99DED72F214B80D40061CFE0 /* Build configuration list for PBXNativeTarget "Store" */ = {
			isa = XCConfigurationList;
			buildConfigurations = (
				99DED730214B80D40061CFE0 /* Debug */,
				99DED731214B80D40061CFE0 /* Release */,
			);
			defaultConfigurationIsVisible = 0;
			defaultConfigurationName = Release;
		};
		99DED732214B80D40061CFE0 /* Build configuration list for PBXNativeTarget "StoreTests" */ = {
			isa = XCConfigurationList;
			buildConfigurations = (
				99DED733214B80D40061CFE0 /* Debug */,
				99DED734214B80D40061CFE0 /* Release */,
			);
			defaultConfigurationIsVisible = 0;
			defaultConfigurationName = Release;
		};
/* End XCConfigurationList section */

/* Begin XCVersionGroup section */
		99137598217080D800F15BEC /* CarSwaddleStore.xcdatamodeld */ = {
			isa = XCVersionGroup;
			children = (
				99137599217080D800F15BEC /* CarSwaddleStore.xcdatamodel */,
			);
			currentVersion = 99137599217080D800F15BEC /* CarSwaddleStore.xcdatamodel */;
			path = CarSwaddleStore.xcdatamodeld;
			sourceTree = "<group>";
			versionGroupType = wrapper.xcdatamodel;
		};
/* End XCVersionGroup section */
	};
	rootObject = 99DED712214B80D30061CFE0 /* Project object */;
}
